
Microsoft Visual Studio Solution File, Format Version 12.00
# Visual Studio Version 16
VisualStudioVersion = 16.0.29613.14
MinimumVisualStudioVersion = 10.0.40219.1
Project("{2150E333-8FDC-42A3-9474-1A3956D46DE8}") = "_Libs", "_Libs", "{052AFAF6-318D-4D7F-AAEC-3C8A5667FFBC}"
EndProject
Project("{FAE04EC0-301F-11D3-BF4B-00C04F79EFBC}") = "Process.NET", "libs\Process.NET\src\Process.NET\Process.NET.csproj", "{501257D3-F788-4A5D-B990-16C01FF71926}"
EndProject
Project("{D954291E-2A0B-460D-934E-DC6B0785DB48}") = "pngcs", "libs\pngcs\pngcs.shproj", "{4F65145F-6F0C-49CD-830A-A51A2A9C5F75}"
EndProject
Project("{2150E333-8FDC-42A3-9474-1A3956D46DE8}") = "Core", "Core", "{DF29F7E8-943F-4EC9-9EB5-5C4E27BA9AB2}"
	ProjectSection(SolutionItems) = preProject
		src\Core\README.md = src\Core\README.md
	EndProjectSection
EndProject
Project("{9A19103F-16F7-4668-BE54-9A1E7A4F7556}") = "SuperMemoAssistant", "src\Core\SuperMemoAssistant\SuperMemoAssistant.csproj", "{C57D9489-0A27-4B18-818C-7CBB379ACFD8}"
	ProjectSection(ProjectDependencies) = postProject
		{D5086D5E-84A6-4C0D-B6F2-D1B82C5FB487} = {D5086D5E-84A6-4C0D-B6F2-D1B82C5FB487}
		{712820C7-6A72-4829-8D39-EDE2FDB32666} = {712820C7-6A72-4829-8D39-EDE2FDB32666}
	EndProjectSection
EndProject
Project("{9A19103F-16F7-4668-BE54-9A1E7A4F7556}") = "SuperMemoAssistant.Core", "src\Core\SuperMemoAssistant.Core\SuperMemoAssistant.Core.csproj", "{7550628D-0630-4A42-B0B7-55D26F981365}"
	ProjectSection(ProjectDependencies) = postProject
		{D5086D5E-84A6-4C0D-B6F2-D1B82C5FB487} = {D5086D5E-84A6-4C0D-B6F2-D1B82C5FB487}
		{712820C7-6A72-4829-8D39-EDE2FDB32666} = {712820C7-6A72-4829-8D39-EDE2FDB32666}
	EndProjectSection
EndProject
Project("{9A19103F-16F7-4668-BE54-9A1E7A4F7556}") = "SuperMemoAssistant.Hooks.InjectLib", "src\Core\SuperMemoAssistant.Hooks.InjectLib\SuperMemoAssistant.Hooks.InjectLib.csproj", "{D5086D5E-84A6-4C0D-B6F2-D1B82C5FB487}"
	ProjectSection(ProjectDependencies) = postProject
		{712820C7-6A72-4829-8D39-EDE2FDB32666} = {712820C7-6A72-4829-8D39-EDE2FDB32666}
	EndProjectSection
EndProject
Project("{8BC9CEB8-8B4A-11D0-8D11-00A0C91BC942}") = "SuperMemoAssistant.Hooks.NativeLib", "src\Core\SuperMemoAssistant.Hooks.NativeLib\SuperMemoAssistant.Hooks.NativeLib.vcxproj", "{FFFE85EF-4719-4F7F-AB5F-A63D2E184BD2}"
	ProjectSection(ProjectDependencies) = postProject
		{712820C7-6A72-4829-8D39-EDE2FDB32666} = {712820C7-6A72-4829-8D39-EDE2FDB32666}
	EndProjectSection
EndProject
Project("{9A19103F-16F7-4668-BE54-9A1E7A4F7556}") = "SuperMemoAssistant.Hooks.Common", "src\Core\SuperMemoAssistant.Hooks.Common\SuperMemoAssistant.Hooks.Common.csproj", "{CC5B9485-9EF1-4133-9242-719D263700AE}"
	ProjectSection(ProjectDependencies) = postProject
		{712820C7-6A72-4829-8D39-EDE2FDB32666} = {712820C7-6A72-4829-8D39-EDE2FDB32666}
	EndProjectSection
EndProject
Project("{9A19103F-16F7-4668-BE54-9A1E7A4F7556}") = "SuperMemoAssistant.Interop", "src\Interop\src\SuperMemoAssistant.Interop\SuperMemoAssistant.Interop.csproj", "{FD0E1BE8-BED3-4AB0-A9C8-022A2DBC8450}"
EndProject
Project("{D954291E-2A0B-460D-934E-DC6B0785DB48}") = "SuperMemoAssistant.Interop.Shared", "src\Interop\src\SuperMemoAssistant.Interop.Shared\SuperMemoAssistant.Interop.Shared.shproj", "{D4EFF016-9A16-4560-8E1D-2A33D0DE399F}"
EndProject
Project("{2150E333-8FDC-42A3-9474-1A3956D46DE8}") = "Plugins", "Plugins", "{943958D2-1308-4317-940F-60CAD3C74AC3}"
EndProject
Project("{2150E333-8FDC-42A3-9474-1A3956D46DE8}") = "Services", "Services", "{0EAE964B-EECF-45B0-8253-5FC75792D419}"
	ProjectSection(SolutionItems) = preProject
		src\Services\README.md = src\Services\README.md
	EndProjectSection
EndProject
Project("{9A19103F-16F7-4668-BE54-9A1E7A4F7556}") = "SuperMemoAssistant.Services.UI", "src\Services\SuperMemoAssistant.Services.UI\SuperMemoAssistant.Services.UI.csproj", "{7F7B4A1F-01E1-440E-89DB-08F7D1D5A128}"
EndProject
Project("{2150E333-8FDC-42A3-9474-1A3956D46DE8}") = "Build", "Build", "{A0C0A5EC-7BE3-44EE-986D-5823B6E2812B}"
EndProject
Project("{2150E333-8FDC-42A3-9474-1A3956D46DE8}") = "MSBuild", "MSBuild", "{3216EDA8-D6A3-414F-872F-2B652D62492C}"
EndProject
Project("{2150E333-8FDC-42A3-9474-1A3956D46DE8}") = "Files", "Files", "{A15BA700-7DEC-442C-9138-305BF43ABFBF}"
	ProjectSection(SolutionItems) = preProject
		src\Build\MSBuild\src\Directory.Build.props = src\Build\MSBuild\src\Directory.Build.props
		src\Build\MSBuild\src\Directory.Build.targets = src\Build\MSBuild\src\Directory.Build.targets
	EndProjectSection
EndProject
Project("{9A19103F-16F7-4668-BE54-9A1E7A4F7556}") = "SuperMemoAssistant.Sdk", "src\Build\MSBuild\src\SuperMemoAssistant.Sdk\SuperMemoAssistant.Sdk.csproj", "{B295441E-66F7-4FAB-BBA9-DDA0C1C51B14}"
EndProject
Project("{9A19103F-16F7-4668-BE54-9A1E7A4F7556}") = "SuperMemoAssistant.Sdk.WindowsDesktop", "src\Build\MSBuild\src\SuperMemoAssistant.Sdk.WindowsDesktop\SuperMemoAssistant.Sdk.WindowsDesktop.csproj", "{C7FAE2FF-E065-485B-9DC1-1DECAC44B59D}"
EndProject
Project("{2150E333-8FDC-42A3-9474-1A3956D46DE8}") = "VS", "VS", "{379B01CE-8B50-4EAD-BC17-92E74DDF52AD}"
EndProject
Project("{2150E333-8FDC-42A3-9474-1A3956D46DE8}") = "Files", "Files", "{3AD96889-7581-41B3-B22F-764ED7B2BBB5}"
	ProjectSection(SolutionItems) = preProject
		src\Build\VS\src\Directory.Build.targets = src\Build\VS\src\Directory.Build.targets
	EndProjectSection
EndProject
Project("{FAE04EC0-301F-11D3-BF4B-00C04F79EFBC}") = "SuperMemoAssistant.Sdk.Templates.Plugin", "src\Build\VS\src\SuperMemoAssistant.Sdk.Templates.Plugin\SuperMemoAssistant.Sdk.Templates.Plugin.csproj", "{F51ABF17-3D07-46A0-A196-0BE449CA9DF4}"
EndProject
Project("{FAE04EC0-301F-11D3-BF4B-00C04F79EFBC}") = "SuperMemoAssistant.Sdk.VisualStudio", "src\Build\VS\src\SuperMemoAssistant.Sdk.VisualStudio\SuperMemoAssistant.Sdk.VisualStudio.csproj", "{6C27364A-A797-4E54-8600-6AAFDEDA4E03}"
EndProject
Project("{2150E333-8FDC-42A3-9474-1A3956D46DE8}") = "Tests", "Tests", "{AD03930B-2669-40A6-B9E1-F676433684AE}"
EndProject
Project("{9A19103F-16F7-4668-BE54-9A1E7A4F7556}") = "SuperMemoAssistant.Tests", "src\Tests\SuperMemoAssistant.Tests\SuperMemoAssistant.Tests.csproj", "{2E3DF5C2-8A38-4A03-86D7-8D463C917E47}"
EndProject
Project("{2150E333-8FDC-42A3-9474-1A3956D46DE8}") = "__Solution", "__Solution", "{AC925E57-BDB9-48E8-B493-8BB02C80B562}"
	ProjectSection(SolutionItems) = preProject
		.githooks = .githooks
		.gitignore = .gitignore
		.gitmodules = .gitmodules
		LICENSE = LICENSE
		nuget.config = nuget.config
		README.md = README.md
	EndProjectSection
EndProject
Project("{2150E333-8FDC-42A3-9474-1A3956D46DE8}") = "Interop", "Interop", "{0C9FDA7C-3D6C-4E29-B391-015FA42A5A8B}"
	ProjectSection(SolutionItems) = preProject
		src\Interop\README.md = src\Interop\README.md
	EndProjectSection
EndProject
Project("{2150E333-8FDC-42A3-9474-1A3956D46DE8}") = "src", "src", "{6A546934-EB9D-400A-BC0D-E80828ABD796}"
	ProjectSection(SolutionItems) = preProject
		src\.editorconfig = src\.editorconfig
		src\CodeStyle.ruleset = src\CodeStyle.ruleset
		src\Directory.Build.Props = src\Directory.Build.Props
		src\Directory.Build.targets = src\Directory.Build.targets
		src\global.json = src\global.json
		src\README.md = src\README.md
		src\version.json = src\version.json
	EndProjectSection
EndProject
Project("{9A19103F-16F7-4668-BE54-9A1E7A4F7556}") = "SuperMemoAssistant.VersionBuilder", "src\Core\SuperMemoAssistant.VersionBuilder\SuperMemoAssistant.VersionBuilder.csproj", "{712820C7-6A72-4829-8D39-EDE2FDB32666}"
EndProject
Project("{9A19103F-16F7-4668-BE54-9A1E7A4F7556}") = "SuperMemoAssistant.Plugins.ApiServer", "src\Plugins\SuperMemoAssistant.Plugins.ApiServer\SuperMemoAssistant.Plugins.ApiServer.csproj", "{A4DA504D-476B-4C70-BDAA-871BC6E015F1}"
EndProject
Global
	GlobalSection(SharedMSBuildProjectFiles) = preSolution
		libs\pngcs\pngcs.projitems*{4f65145f-6f0c-49cd-830a-a51a2a9c5f75}*SharedItemsImports = 13
		src\Interop\src\SuperMemoAssistant.Interop.Shared\SuperMemoAssistant.Interop.Shared.projitems*{d4eff016-9a16-4560-8e1d-2a33d0de399f}*SharedItemsImports = 13
		src\Interop\src\SuperMemoAssistant.Interop.Shared\SuperMemoAssistant.Interop.Shared.projitems*{d5086d5e-84a6-4c0d-b6f2-d1b82c5fb487}*SharedItemsImports = 5
		src\Interop\src\SuperMemoAssistant.Interop.Shared\SuperMemoAssistant.Interop.Shared.projitems*{fd0e1be8-bed3-4ab0-a9c8-022a2dbc8450}*SharedItemsImports = 5
	EndGlobalSection
	GlobalSection(SolutionConfigurationPlatforms) = preSolution
		1. Alpha (Debug)|Any CPU = 1. Alpha (Debug)|Any CPU
		1. Alpha (Debug)|x86 = 1. Alpha (Debug)|x86
		2. Beta (Debug)|Any CPU = 2. Beta (Debug)|Any CPU
		2. Beta (Debug)|x86 = 2. Beta (Debug)|x86
		2. Beta (Release)|Any CPU = 2. Beta (Release)|Any CPU
		2. Beta (Release)|x86 = 2. Beta (Release)|x86
		3. Stable (Debug)|Any CPU = 3. Stable (Debug)|Any CPU
		3. Stable (Debug)|x86 = 3. Stable (Debug)|x86
		3. Stable (Release)|Any CPU = 3. Stable (Release)|Any CPU
		3. Stable (Release)|x86 = 3. Stable (Release)|x86
		Coverage|Any CPU = Coverage|Any CPU
		Coverage|x86 = Coverage|x86
		Debug|Any CPU = Debug|Any CPU
		Debug|x86 = Debug|x86
		NuPack Debug|Any CPU = NuPack Debug|Any CPU
		NuPack Debug|x86 = NuPack Debug|x86
		NuPack Release|Any CPU = NuPack Release|Any CPU
		NuPack Release|x86 = NuPack Release|x86
		Release|Any CPU = Release|Any CPU
		Release|x86 = Release|x86
	EndGlobalSection
	GlobalSection(ProjectConfigurationPlatforms) = postSolution
		{501257D3-F788-4A5D-B990-16C01FF71926}.1. Alpha (Debug)|Any CPU.ActiveCfg = Debug|Any CPU
		{501257D3-F788-4A5D-B990-16C01FF71926}.1. Alpha (Debug)|Any CPU.Build.0 = Debug|Any CPU
		{501257D3-F788-4A5D-B990-16C01FF71926}.1. Alpha (Debug)|x86.ActiveCfg = Debug|Any CPU
		{501257D3-F788-4A5D-B990-16C01FF71926}.1. Alpha (Debug)|x86.Build.0 = Debug|Any CPU
		{501257D3-F788-4A5D-B990-16C01FF71926}.2. Beta (Debug)|Any CPU.ActiveCfg = Debug|Any CPU
		{501257D3-F788-4A5D-B990-16C01FF71926}.2. Beta (Debug)|Any CPU.Build.0 = Debug|Any CPU
		{501257D3-F788-4A5D-B990-16C01FF71926}.2. Beta (Debug)|x86.ActiveCfg = Debug|Any CPU
		{501257D3-F788-4A5D-B990-16C01FF71926}.2. Beta (Debug)|x86.Build.0 = Debug|Any CPU
		{501257D3-F788-4A5D-B990-16C01FF71926}.2. Beta (Release)|Any CPU.ActiveCfg = Release|Any CPU
		{501257D3-F788-4A5D-B990-16C01FF71926}.2. Beta (Release)|Any CPU.Build.0 = Release|Any CPU
		{501257D3-F788-4A5D-B990-16C01FF71926}.2. Beta (Release)|x86.ActiveCfg = Debug|Any CPU
		{501257D3-F788-4A5D-B990-16C01FF71926}.2. Beta (Release)|x86.Build.0 = Debug|Any CPU
		{501257D3-F788-4A5D-B990-16C01FF71926}.3. Stable (Debug)|Any CPU.ActiveCfg = Debug|Any CPU
		{501257D3-F788-4A5D-B990-16C01FF71926}.3. Stable (Debug)|Any CPU.Build.0 = Debug|Any CPU
		{501257D3-F788-4A5D-B990-16C01FF71926}.3. Stable (Debug)|x86.ActiveCfg = Debug|Any CPU
		{501257D3-F788-4A5D-B990-16C01FF71926}.3. Stable (Debug)|x86.Build.0 = Debug|Any CPU
		{501257D3-F788-4A5D-B990-16C01FF71926}.3. Stable (Release)|Any CPU.ActiveCfg = Release|Any CPU
		{501257D3-F788-4A5D-B990-16C01FF71926}.3. Stable (Release)|Any CPU.Build.0 = Release|Any CPU
		{501257D3-F788-4A5D-B990-16C01FF71926}.3. Stable (Release)|x86.ActiveCfg = Debug|Any CPU
		{501257D3-F788-4A5D-B990-16C01FF71926}.3. Stable (Release)|x86.Build.0 = Debug|Any CPU
		{501257D3-F788-4A5D-B990-16C01FF71926}.Coverage|Any CPU.ActiveCfg = Debug-InProd|Any CPU
		{501257D3-F788-4A5D-B990-16C01FF71926}.Coverage|Any CPU.Build.0 = Debug-InProd|Any CPU
		{501257D3-F788-4A5D-B990-16C01FF71926}.Coverage|x86.ActiveCfg = Debug|Any CPU
		{501257D3-F788-4A5D-B990-16C01FF71926}.Coverage|x86.Build.0 = Debug|Any CPU
		{501257D3-F788-4A5D-B990-16C01FF71926}.Debug|Any CPU.ActiveCfg = Debug|Any CPU
		{501257D3-F788-4A5D-B990-16C01FF71926}.Debug|Any CPU.Build.0 = Debug|Any CPU
		{501257D3-F788-4A5D-B990-16C01FF71926}.Debug|x86.ActiveCfg = Debug|x86
		{501257D3-F788-4A5D-B990-16C01FF71926}.Debug|x86.Build.0 = Debug|x86
		{501257D3-F788-4A5D-B990-16C01FF71926}.NuPack Debug|Any CPU.ActiveCfg = Debug|Any CPU
		{501257D3-F788-4A5D-B990-16C01FF71926}.NuPack Debug|Any CPU.Build.0 = Debug|Any CPU
		{501257D3-F788-4A5D-B990-16C01FF71926}.NuPack Debug|x86.ActiveCfg = Debug|Any CPU
		{501257D3-F788-4A5D-B990-16C01FF71926}.NuPack Debug|x86.Build.0 = Debug|Any CPU
		{501257D3-F788-4A5D-B990-16C01FF71926}.NuPack Release|Any CPU.ActiveCfg = Debug|Any CPU
		{501257D3-F788-4A5D-B990-16C01FF71926}.NuPack Release|Any CPU.Build.0 = Debug|Any CPU
		{501257D3-F788-4A5D-B990-16C01FF71926}.NuPack Release|x86.ActiveCfg = Release|Any CPU
		{501257D3-F788-4A5D-B990-16C01FF71926}.NuPack Release|x86.Build.0 = Release|Any CPU
		{501257D3-F788-4A5D-B990-16C01FF71926}.Release|Any CPU.ActiveCfg = Release|Any CPU
		{501257D3-F788-4A5D-B990-16C01FF71926}.Release|Any CPU.Build.0 = Release|Any CPU
		{501257D3-F788-4A5D-B990-16C01FF71926}.Release|x86.ActiveCfg = Release|x86
		{501257D3-F788-4A5D-B990-16C01FF71926}.Release|x86.Build.0 = Release|x86
		{C57D9489-0A27-4B18-818C-7CBB379ACFD8}.1. Alpha (Debug)|Any CPU.ActiveCfg = Release|x86
		{C57D9489-0A27-4B18-818C-7CBB379ACFD8}.1. Alpha (Debug)|Any CPU.Build.0 = Release|x86
		{C57D9489-0A27-4B18-818C-7CBB379ACFD8}.1. Alpha (Debug)|x86.ActiveCfg = Debug|x86
		{C57D9489-0A27-4B18-818C-7CBB379ACFD8}.1. Alpha (Debug)|x86.Build.0 = Debug|x86
		{C57D9489-0A27-4B18-818C-7CBB379ACFD8}.2. Beta (Debug)|Any CPU.ActiveCfg = Release|x86
		{C57D9489-0A27-4B18-818C-7CBB379ACFD8}.2. Beta (Debug)|Any CPU.Build.0 = Release|x86
		{C57D9489-0A27-4B18-818C-7CBB379ACFD8}.2. Beta (Debug)|x86.ActiveCfg = Debug|x86
		{C57D9489-0A27-4B18-818C-7CBB379ACFD8}.2. Beta (Debug)|x86.Build.0 = Debug|x86
		{C57D9489-0A27-4B18-818C-7CBB379ACFD8}.2. Beta (Release)|Any CPU.ActiveCfg = Release|x86
		{C57D9489-0A27-4B18-818C-7CBB379ACFD8}.2. Beta (Release)|Any CPU.Build.0 = Release|x86
		{C57D9489-0A27-4B18-818C-7CBB379ACFD8}.2. Beta (Release)|x86.ActiveCfg = Release|x86
		{C57D9489-0A27-4B18-818C-7CBB379ACFD8}.2. Beta (Release)|x86.Build.0 = Release|x86
		{C57D9489-0A27-4B18-818C-7CBB379ACFD8}.3. Stable (Debug)|Any CPU.ActiveCfg = Release|x86
		{C57D9489-0A27-4B18-818C-7CBB379ACFD8}.3. Stable (Debug)|Any CPU.Build.0 = Release|x86
		{C57D9489-0A27-4B18-818C-7CBB379ACFD8}.3. Stable (Debug)|x86.ActiveCfg = Debug|x86
		{C57D9489-0A27-4B18-818C-7CBB379ACFD8}.3. Stable (Debug)|x86.Build.0 = Debug|x86
		{C57D9489-0A27-4B18-818C-7CBB379ACFD8}.3. Stable (Release)|Any CPU.ActiveCfg = Release|x86
		{C57D9489-0A27-4B18-818C-7CBB379ACFD8}.3. Stable (Release)|Any CPU.Build.0 = Release|x86
		{C57D9489-0A27-4B18-818C-7CBB379ACFD8}.3. Stable (Release)|x86.ActiveCfg = Release|x86
		{C57D9489-0A27-4B18-818C-7CBB379ACFD8}.3. Stable (Release)|x86.Build.0 = Release|x86
		{C57D9489-0A27-4B18-818C-7CBB379ACFD8}.Coverage|Any CPU.ActiveCfg = Release|x86
		{C57D9489-0A27-4B18-818C-7CBB379ACFD8}.Coverage|Any CPU.Build.0 = Release|x86
		{C57D9489-0A27-4B18-818C-7CBB379ACFD8}.Coverage|x86.ActiveCfg = Release|x86
		{C57D9489-0A27-4B18-818C-7CBB379ACFD8}.Coverage|x86.Build.0 = Release|x86
		{C57D9489-0A27-4B18-818C-7CBB379ACFD8}.Debug|Any CPU.ActiveCfg = Debug|x86
		{C57D9489-0A27-4B18-818C-7CBB379ACFD8}.Debug|x86.ActiveCfg = Debug|x86
		{C57D9489-0A27-4B18-818C-7CBB379ACFD8}.Debug|x86.Build.0 = Debug|x86
		{C57D9489-0A27-4B18-818C-7CBB379ACFD8}.NuPack Debug|Any CPU.ActiveCfg = Release|x86
		{C57D9489-0A27-4B18-818C-7CBB379ACFD8}.NuPack Debug|Any CPU.Build.0 = Release|x86
		{C57D9489-0A27-4B18-818C-7CBB379ACFD8}.NuPack Debug|x86.ActiveCfg = Debug|x86
		{C57D9489-0A27-4B18-818C-7CBB379ACFD8}.NuPack Debug|x86.Build.0 = Debug|x86
		{C57D9489-0A27-4B18-818C-7CBB379ACFD8}.NuPack Release|Any CPU.ActiveCfg = Release|x86
		{C57D9489-0A27-4B18-818C-7CBB379ACFD8}.NuPack Release|Any CPU.Build.0 = Release|x86
		{C57D9489-0A27-4B18-818C-7CBB379ACFD8}.NuPack Release|x86.ActiveCfg = Release|x86
		{C57D9489-0A27-4B18-818C-7CBB379ACFD8}.NuPack Release|x86.Build.0 = Release|x86
		{C57D9489-0A27-4B18-818C-7CBB379ACFD8}.Release|Any CPU.ActiveCfg = Release|x86
		{C57D9489-0A27-4B18-818C-7CBB379ACFD8}.Release|x86.ActiveCfg = Release|x86
		{C57D9489-0A27-4B18-818C-7CBB379ACFD8}.Release|x86.Build.0 = Release|x86
		{7550628D-0630-4A42-B0B7-55D26F981365}.1. Alpha (Debug)|Any CPU.ActiveCfg = Release|x86
		{7550628D-0630-4A42-B0B7-55D26F981365}.1. Alpha (Debug)|Any CPU.Build.0 = Release|x86
		{7550628D-0630-4A42-B0B7-55D26F981365}.1. Alpha (Debug)|x86.ActiveCfg = Debug|x86
		{7550628D-0630-4A42-B0B7-55D26F981365}.1. Alpha (Debug)|x86.Build.0 = Debug|x86
		{7550628D-0630-4A42-B0B7-55D26F981365}.2. Beta (Debug)|Any CPU.ActiveCfg = Release|x86
		{7550628D-0630-4A42-B0B7-55D26F981365}.2. Beta (Debug)|Any CPU.Build.0 = Release|x86
		{7550628D-0630-4A42-B0B7-55D26F981365}.2. Beta (Debug)|x86.ActiveCfg = Debug|x86
		{7550628D-0630-4A42-B0B7-55D26F981365}.2. Beta (Debug)|x86.Build.0 = Debug|x86
		{7550628D-0630-4A42-B0B7-55D26F981365}.2. Beta (Release)|Any CPU.ActiveCfg = Release|x86
		{7550628D-0630-4A42-B0B7-55D26F981365}.2. Beta (Release)|Any CPU.Build.0 = Release|x86
		{7550628D-0630-4A42-B0B7-55D26F981365}.2. Beta (Release)|x86.ActiveCfg = Release|x86
		{7550628D-0630-4A42-B0B7-55D26F981365}.2. Beta (Release)|x86.Build.0 = Release|x86
		{7550628D-0630-4A42-B0B7-55D26F981365}.3. Stable (Debug)|Any CPU.ActiveCfg = Release|x86
		{7550628D-0630-4A42-B0B7-55D26F981365}.3. Stable (Debug)|Any CPU.Build.0 = Release|x86
		{7550628D-0630-4A42-B0B7-55D26F981365}.3. Stable (Debug)|x86.ActiveCfg = Debug|x86
		{7550628D-0630-4A42-B0B7-55D26F981365}.3. Stable (Debug)|x86.Build.0 = Debug|x86
		{7550628D-0630-4A42-B0B7-55D26F981365}.3. Stable (Release)|Any CPU.ActiveCfg = Debug|x86
		{7550628D-0630-4A42-B0B7-55D26F981365}.3. Stable (Release)|Any CPU.Build.0 = Debug|x86
		{7550628D-0630-4A42-B0B7-55D26F981365}.3. Stable (Release)|x86.ActiveCfg = Release|x86
		{7550628D-0630-4A42-B0B7-55D26F981365}.3. Stable (Release)|x86.Build.0 = Release|x86
		{7550628D-0630-4A42-B0B7-55D26F981365}.Coverage|Any CPU.ActiveCfg = Release|x86
		{7550628D-0630-4A42-B0B7-55D26F981365}.Coverage|Any CPU.Build.0 = Release|x86
		{7550628D-0630-4A42-B0B7-55D26F981365}.Coverage|x86.ActiveCfg = Release|x86
		{7550628D-0630-4A42-B0B7-55D26F981365}.Coverage|x86.Build.0 = Release|x86
		{7550628D-0630-4A42-B0B7-55D26F981365}.Debug|Any CPU.ActiveCfg = Debug|x86
		{7550628D-0630-4A42-B0B7-55D26F981365}.Debug|x86.ActiveCfg = Debug|x86
		{7550628D-0630-4A42-B0B7-55D26F981365}.Debug|x86.Build.0 = Debug|x86
		{7550628D-0630-4A42-B0B7-55D26F981365}.NuPack Debug|Any CPU.ActiveCfg = Release|x86
		{7550628D-0630-4A42-B0B7-55D26F981365}.NuPack Debug|Any CPU.Build.0 = Release|x86
		{7550628D-0630-4A42-B0B7-55D26F981365}.NuPack Debug|x86.ActiveCfg = Debug|x86
		{7550628D-0630-4A42-B0B7-55D26F981365}.NuPack Debug|x86.Build.0 = Debug|x86
		{7550628D-0630-4A42-B0B7-55D26F981365}.NuPack Release|Any CPU.ActiveCfg = Release|x86
		{7550628D-0630-4A42-B0B7-55D26F981365}.NuPack Release|Any CPU.Build.0 = Release|x86
		{7550628D-0630-4A42-B0B7-55D26F981365}.NuPack Release|x86.ActiveCfg = Release|x86
		{7550628D-0630-4A42-B0B7-55D26F981365}.NuPack Release|x86.Build.0 = Release|x86
		{7550628D-0630-4A42-B0B7-55D26F981365}.Release|Any CPU.ActiveCfg = Release|x86
		{7550628D-0630-4A42-B0B7-55D26F981365}.Release|x86.ActiveCfg = Release|x86
		{7550628D-0630-4A42-B0B7-55D26F981365}.Release|x86.Build.0 = Release|x86
		{D5086D5E-84A6-4C0D-B6F2-D1B82C5FB487}.1. Alpha (Debug)|Any CPU.ActiveCfg = Release|x86
		{D5086D5E-84A6-4C0D-B6F2-D1B82C5FB487}.1. Alpha (Debug)|Any CPU.Build.0 = Release|x86
		{D5086D5E-84A6-4C0D-B6F2-D1B82C5FB487}.1. Alpha (Debug)|x86.ActiveCfg = Debug|x86
		{D5086D5E-84A6-4C0D-B6F2-D1B82C5FB487}.1. Alpha (Debug)|x86.Build.0 = Debug|x86
		{D5086D5E-84A6-4C0D-B6F2-D1B82C5FB487}.2. Beta (Debug)|Any CPU.ActiveCfg = Release|x86
		{D5086D5E-84A6-4C0D-B6F2-D1B82C5FB487}.2. Beta (Debug)|Any CPU.Build.0 = Release|x86
		{D5086D5E-84A6-4C0D-B6F2-D1B82C5FB487}.2. Beta (Debug)|x86.ActiveCfg = Debug|x86
		{D5086D5E-84A6-4C0D-B6F2-D1B82C5FB487}.2. Beta (Debug)|x86.Build.0 = Debug|x86
		{D5086D5E-84A6-4C0D-B6F2-D1B82C5FB487}.2. Beta (Release)|Any CPU.ActiveCfg = Release|x86
		{D5086D5E-84A6-4C0D-B6F2-D1B82C5FB487}.2. Beta (Release)|Any CPU.Build.0 = Release|x86
		{D5086D5E-84A6-4C0D-B6F2-D1B82C5FB487}.2. Beta (Release)|x86.ActiveCfg = Release|x86
		{D5086D5E-84A6-4C0D-B6F2-D1B82C5FB487}.2. Beta (Release)|x86.Build.0 = Release|x86
		{D5086D5E-84A6-4C0D-B6F2-D1B82C5FB487}.3. Stable (Debug)|Any CPU.ActiveCfg = Release|x86
		{D5086D5E-84A6-4C0D-B6F2-D1B82C5FB487}.3. Stable (Debug)|Any CPU.Build.0 = Release|x86
		{D5086D5E-84A6-4C0D-B6F2-D1B82C5FB487}.3. Stable (Debug)|x86.ActiveCfg = Debug|x86
		{D5086D5E-84A6-4C0D-B6F2-D1B82C5FB487}.3. Stable (Debug)|x86.Build.0 = Debug|x86
		{D5086D5E-84A6-4C0D-B6F2-D1B82C5FB487}.3. Stable (Release)|Any CPU.ActiveCfg = Debug|x86
		{D5086D5E-84A6-4C0D-B6F2-D1B82C5FB487}.3. Stable (Release)|Any CPU.Build.0 = Debug|x86
		{D5086D5E-84A6-4C0D-B6F2-D1B82C5FB487}.3. Stable (Release)|x86.ActiveCfg = Release|x86
		{D5086D5E-84A6-4C0D-B6F2-D1B82C5FB487}.3. Stable (Release)|x86.Build.0 = Release|x86
		{D5086D5E-84A6-4C0D-B6F2-D1B82C5FB487}.Coverage|Any CPU.ActiveCfg = Release|x86
		{D5086D5E-84A6-4C0D-B6F2-D1B82C5FB487}.Coverage|Any CPU.Build.0 = Release|x86
		{D5086D5E-84A6-4C0D-B6F2-D1B82C5FB487}.Coverage|x86.ActiveCfg = Release|x86
		{D5086D5E-84A6-4C0D-B6F2-D1B82C5FB487}.Coverage|x86.Build.0 = Release|x86
		{D5086D5E-84A6-4C0D-B6F2-D1B82C5FB487}.Debug|Any CPU.ActiveCfg = Debug|x86
		{D5086D5E-84A6-4C0D-B6F2-D1B82C5FB487}.Debug|x86.ActiveCfg = Debug|x86
		{D5086D5E-84A6-4C0D-B6F2-D1B82C5FB487}.Debug|x86.Build.0 = Debug|x86
		{D5086D5E-84A6-4C0D-B6F2-D1B82C5FB487}.NuPack Debug|Any CPU.ActiveCfg = Release|x86
		{D5086D5E-84A6-4C0D-B6F2-D1B82C5FB487}.NuPack Debug|Any CPU.Build.0 = Release|x86
		{D5086D5E-84A6-4C0D-B6F2-D1B82C5FB487}.NuPack Debug|x86.ActiveCfg = Debug|x86
		{D5086D5E-84A6-4C0D-B6F2-D1B82C5FB487}.NuPack Debug|x86.Build.0 = Debug|x86
		{D5086D5E-84A6-4C0D-B6F2-D1B82C5FB487}.NuPack Release|Any CPU.ActiveCfg = Release|x86
		{D5086D5E-84A6-4C0D-B6F2-D1B82C5FB487}.NuPack Release|Any CPU.Build.0 = Release|x86
		{D5086D5E-84A6-4C0D-B6F2-D1B82C5FB487}.NuPack Release|x86.ActiveCfg = Release|x86
		{D5086D5E-84A6-4C0D-B6F2-D1B82C5FB487}.NuPack Release|x86.Build.0 = Release|x86
		{D5086D5E-84A6-4C0D-B6F2-D1B82C5FB487}.Release|Any CPU.ActiveCfg = Release|x86
		{D5086D5E-84A6-4C0D-B6F2-D1B82C5FB487}.Release|x86.ActiveCfg = Release|x86
		{D5086D5E-84A6-4C0D-B6F2-D1B82C5FB487}.Release|x86.Build.0 = Release|x86
		{FFFE85EF-4719-4F7F-AB5F-A63D2E184BD2}.1. Alpha (Debug)|Any CPU.ActiveCfg = Debug-InProd|Win32
		{FFFE85EF-4719-4F7F-AB5F-A63D2E184BD2}.1. Alpha (Debug)|Any CPU.Build.0 = Debug-InProd|Win32
		{FFFE85EF-4719-4F7F-AB5F-A63D2E184BD2}.1. Alpha (Debug)|x86.ActiveCfg = Release|Win32
		{FFFE85EF-4719-4F7F-AB5F-A63D2E184BD2}.1. Alpha (Debug)|x86.Build.0 = Release|Win32
		{FFFE85EF-4719-4F7F-AB5F-A63D2E184BD2}.2. Beta (Debug)|Any CPU.ActiveCfg = Debug-InProd|Win32
		{FFFE85EF-4719-4F7F-AB5F-A63D2E184BD2}.2. Beta (Debug)|Any CPU.Build.0 = Debug-InProd|Win32
		{FFFE85EF-4719-4F7F-AB5F-A63D2E184BD2}.2. Beta (Debug)|x86.ActiveCfg = Release|Win32
		{FFFE85EF-4719-4F7F-AB5F-A63D2E184BD2}.2. Beta (Debug)|x86.Build.0 = Release|Win32
		{FFFE85EF-4719-4F7F-AB5F-A63D2E184BD2}.2. Beta (Release)|Any CPU.ActiveCfg = Debug-InProd|Win32
		{FFFE85EF-4719-4F7F-AB5F-A63D2E184BD2}.2. Beta (Release)|Any CPU.Build.0 = Debug-InProd|Win32
		{FFFE85EF-4719-4F7F-AB5F-A63D2E184BD2}.2. Beta (Release)|x86.ActiveCfg = Release|Win32
		{FFFE85EF-4719-4F7F-AB5F-A63D2E184BD2}.2. Beta (Release)|x86.Build.0 = Release|Win32
		{FFFE85EF-4719-4F7F-AB5F-A63D2E184BD2}.3. Stable (Debug)|Any CPU.ActiveCfg = Debug-InProd|Win32
		{FFFE85EF-4719-4F7F-AB5F-A63D2E184BD2}.3. Stable (Debug)|Any CPU.Build.0 = Debug-InProd|Win32
		{FFFE85EF-4719-4F7F-AB5F-A63D2E184BD2}.3. Stable (Debug)|x86.ActiveCfg = Release|Win32
		{FFFE85EF-4719-4F7F-AB5F-A63D2E184BD2}.3. Stable (Debug)|x86.Build.0 = Release|Win32
		{FFFE85EF-4719-4F7F-AB5F-A63D2E184BD2}.3. Stable (Release)|Any CPU.ActiveCfg = Debug-InProd|Win32
		{FFFE85EF-4719-4F7F-AB5F-A63D2E184BD2}.3. Stable (Release)|Any CPU.Build.0 = Debug-InProd|Win32
		{FFFE85EF-4719-4F7F-AB5F-A63D2E184BD2}.3. Stable (Release)|x86.ActiveCfg = Release|Win32
		{FFFE85EF-4719-4F7F-AB5F-A63D2E184BD2}.3. Stable (Release)|x86.Build.0 = Release|Win32
		{FFFE85EF-4719-4F7F-AB5F-A63D2E184BD2}.Coverage|Any CPU.ActiveCfg = Debug-InProd|Win32
		{FFFE85EF-4719-4F7F-AB5F-A63D2E184BD2}.Coverage|Any CPU.Build.0 = Debug-InProd|Win32
		{FFFE85EF-4719-4F7F-AB5F-A63D2E184BD2}.Coverage|x86.ActiveCfg = Debug|Win32
		{FFFE85EF-4719-4F7F-AB5F-A63D2E184BD2}.Coverage|x86.Build.0 = Debug|Win32
		{FFFE85EF-4719-4F7F-AB5F-A63D2E184BD2}.Debug|Any CPU.ActiveCfg = Debug|Win32
		{FFFE85EF-4719-4F7F-AB5F-A63D2E184BD2}.Debug|x86.ActiveCfg = Debug|Win32
		{FFFE85EF-4719-4F7F-AB5F-A63D2E184BD2}.Debug|x86.Build.0 = Debug|Win32
		{FFFE85EF-4719-4F7F-AB5F-A63D2E184BD2}.NuPack Debug|Any CPU.ActiveCfg = Debug-InProd|Win32
		{FFFE85EF-4719-4F7F-AB5F-A63D2E184BD2}.NuPack Debug|Any CPU.Build.0 = Debug-InProd|Win32
		{FFFE85EF-4719-4F7F-AB5F-A63D2E184BD2}.NuPack Debug|x86.ActiveCfg = Release|Win32
		{FFFE85EF-4719-4F7F-AB5F-A63D2E184BD2}.NuPack Debug|x86.Build.0 = Release|Win32
		{FFFE85EF-4719-4F7F-AB5F-A63D2E184BD2}.NuPack Release|Any CPU.ActiveCfg = Debug-InProd|Win32
		{FFFE85EF-4719-4F7F-AB5F-A63D2E184BD2}.NuPack Release|Any CPU.Build.0 = Debug-InProd|Win32
		{FFFE85EF-4719-4F7F-AB5F-A63D2E184BD2}.NuPack Release|x86.ActiveCfg = Release|Win32
		{FFFE85EF-4719-4F7F-AB5F-A63D2E184BD2}.NuPack Release|x86.Build.0 = Release|Win32
		{FFFE85EF-4719-4F7F-AB5F-A63D2E184BD2}.Release|Any CPU.ActiveCfg = Release|Win32
		{FFFE85EF-4719-4F7F-AB5F-A63D2E184BD2}.Release|x86.ActiveCfg = Release|Win32
		{FFFE85EF-4719-4F7F-AB5F-A63D2E184BD2}.Release|x86.Build.0 = Release|Win32
		{CC5B9485-9EF1-4133-9242-719D263700AE}.1. Alpha (Debug)|Any CPU.ActiveCfg = Release|x86
		{CC5B9485-9EF1-4133-9242-719D263700AE}.1. Alpha (Debug)|Any CPU.Build.0 = Release|x86
		{CC5B9485-9EF1-4133-9242-719D263700AE}.1. Alpha (Debug)|x86.ActiveCfg = Debug|x86
		{CC5B9485-9EF1-4133-9242-719D263700AE}.1. Alpha (Debug)|x86.Build.0 = Debug|x86
		{CC5B9485-9EF1-4133-9242-719D263700AE}.2. Beta (Debug)|Any CPU.ActiveCfg = Release|x86
		{CC5B9485-9EF1-4133-9242-719D263700AE}.2. Beta (Debug)|Any CPU.Build.0 = Release|x86
		{CC5B9485-9EF1-4133-9242-719D263700AE}.2. Beta (Debug)|x86.ActiveCfg = Debug|x86
		{CC5B9485-9EF1-4133-9242-719D263700AE}.2. Beta (Debug)|x86.Build.0 = Debug|x86
		{CC5B9485-9EF1-4133-9242-719D263700AE}.2. Beta (Release)|Any CPU.ActiveCfg = Release|x86
		{CC5B9485-9EF1-4133-9242-719D263700AE}.2. Beta (Release)|Any CPU.Build.0 = Release|x86
		{CC5B9485-9EF1-4133-9242-719D263700AE}.2. Beta (Release)|x86.ActiveCfg = Release|x86
		{CC5B9485-9EF1-4133-9242-719D263700AE}.2. Beta (Release)|x86.Build.0 = Release|x86
		{CC5B9485-9EF1-4133-9242-719D263700AE}.3. Stable (Debug)|Any CPU.ActiveCfg = Release|x86
		{CC5B9485-9EF1-4133-9242-719D263700AE}.3. Stable (Debug)|Any CPU.Build.0 = Release|x86
		{CC5B9485-9EF1-4133-9242-719D263700AE}.3. Stable (Debug)|x86.ActiveCfg = Debug|x86
		{CC5B9485-9EF1-4133-9242-719D263700AE}.3. Stable (Debug)|x86.Build.0 = Debug|x86
		{CC5B9485-9EF1-4133-9242-719D263700AE}.3. Stable (Release)|Any CPU.ActiveCfg = Debug|x86
		{CC5B9485-9EF1-4133-9242-719D263700AE}.3. Stable (Release)|Any CPU.Build.0 = Debug|x86
		{CC5B9485-9EF1-4133-9242-719D263700AE}.3. Stable (Release)|x86.ActiveCfg = Release|x86
		{CC5B9485-9EF1-4133-9242-719D263700AE}.3. Stable (Release)|x86.Build.0 = Release|x86
		{CC5B9485-9EF1-4133-9242-719D263700AE}.Coverage|Any CPU.ActiveCfg = Release|x86
		{CC5B9485-9EF1-4133-9242-719D263700AE}.Coverage|Any CPU.Build.0 = Release|x86
		{CC5B9485-9EF1-4133-9242-719D263700AE}.Coverage|x86.ActiveCfg = Release|x86
		{CC5B9485-9EF1-4133-9242-719D263700AE}.Coverage|x86.Build.0 = Release|x86
		{CC5B9485-9EF1-4133-9242-719D263700AE}.Debug|Any CPU.ActiveCfg = Debug|x86
		{CC5B9485-9EF1-4133-9242-719D263700AE}.Debug|x86.ActiveCfg = Debug|x86
		{CC5B9485-9EF1-4133-9242-719D263700AE}.Debug|x86.Build.0 = Debug|x86
		{CC5B9485-9EF1-4133-9242-719D263700AE}.NuPack Debug|Any CPU.ActiveCfg = Release|x86
		{CC5B9485-9EF1-4133-9242-719D263700AE}.NuPack Debug|Any CPU.Build.0 = Release|x86
		{CC5B9485-9EF1-4133-9242-719D263700AE}.NuPack Debug|x86.ActiveCfg = Debug|x86
		{CC5B9485-9EF1-4133-9242-719D263700AE}.NuPack Debug|x86.Build.0 = Debug|x86
		{CC5B9485-9EF1-4133-9242-719D263700AE}.NuPack Release|Any CPU.ActiveCfg = Release|x86
		{CC5B9485-9EF1-4133-9242-719D263700AE}.NuPack Release|Any CPU.Build.0 = Release|x86
		{CC5B9485-9EF1-4133-9242-719D263700AE}.NuPack Release|x86.ActiveCfg = Release|x86
		{CC5B9485-9EF1-4133-9242-719D263700AE}.NuPack Release|x86.Build.0 = Release|x86
		{CC5B9485-9EF1-4133-9242-719D263700AE}.Release|Any CPU.ActiveCfg = Release|x86
		{CC5B9485-9EF1-4133-9242-719D263700AE}.Release|x86.ActiveCfg = Release|x86
		{CC5B9485-9EF1-4133-9242-719D263700AE}.Release|x86.Build.0 = Release|x86
		{FD0E1BE8-BED3-4AB0-A9C8-022A2DBC8450}.1. Alpha (Debug)|Any CPU.ActiveCfg = Debug|Any CPU
		{FD0E1BE8-BED3-4AB0-A9C8-022A2DBC8450}.1. Alpha (Debug)|Any CPU.Build.0 = Debug|Any CPU
		{FD0E1BE8-BED3-4AB0-A9C8-022A2DBC8450}.1. Alpha (Debug)|x86.ActiveCfg = Debug|Any CPU
		{FD0E1BE8-BED3-4AB0-A9C8-022A2DBC8450}.1. Alpha (Debug)|x86.Build.0 = Debug|Any CPU
		{FD0E1BE8-BED3-4AB0-A9C8-022A2DBC8450}.2. Beta (Debug)|Any CPU.ActiveCfg = Debug|Any CPU
		{FD0E1BE8-BED3-4AB0-A9C8-022A2DBC8450}.2. Beta (Debug)|Any CPU.Build.0 = Debug|Any CPU
		{FD0E1BE8-BED3-4AB0-A9C8-022A2DBC8450}.2. Beta (Debug)|x86.ActiveCfg = Debug|Any CPU
		{FD0E1BE8-BED3-4AB0-A9C8-022A2DBC8450}.2. Beta (Debug)|x86.Build.0 = Debug|Any CPU
		{FD0E1BE8-BED3-4AB0-A9C8-022A2DBC8450}.2. Beta (Release)|Any CPU.ActiveCfg = Release|Any CPU
		{FD0E1BE8-BED3-4AB0-A9C8-022A2DBC8450}.2. Beta (Release)|Any CPU.Build.0 = Release|Any CPU
		{FD0E1BE8-BED3-4AB0-A9C8-022A2DBC8450}.2. Beta (Release)|x86.ActiveCfg = Release|Any CPU
		{FD0E1BE8-BED3-4AB0-A9C8-022A2DBC8450}.2. Beta (Release)|x86.Build.0 = Release|Any CPU
		{FD0E1BE8-BED3-4AB0-A9C8-022A2DBC8450}.3. Stable (Debug)|Any CPU.ActiveCfg = Debug|Any CPU
		{FD0E1BE8-BED3-4AB0-A9C8-022A2DBC8450}.3. Stable (Debug)|Any CPU.Build.0 = Debug|Any CPU
		{FD0E1BE8-BED3-4AB0-A9C8-022A2DBC8450}.3. Stable (Debug)|x86.ActiveCfg = Debug|Any CPU
		{FD0E1BE8-BED3-4AB0-A9C8-022A2DBC8450}.3. Stable (Debug)|x86.Build.0 = Debug|Any CPU
		{FD0E1BE8-BED3-4AB0-A9C8-022A2DBC8450}.3. Stable (Release)|Any CPU.ActiveCfg = Release|Any CPU
		{FD0E1BE8-BED3-4AB0-A9C8-022A2DBC8450}.3. Stable (Release)|Any CPU.Build.0 = Release|Any CPU
		{FD0E1BE8-BED3-4AB0-A9C8-022A2DBC8450}.3. Stable (Release)|x86.ActiveCfg = Release|Any CPU
		{FD0E1BE8-BED3-4AB0-A9C8-022A2DBC8450}.3. Stable (Release)|x86.Build.0 = Release|Any CPU
		{FD0E1BE8-BED3-4AB0-A9C8-022A2DBC8450}.Coverage|Any CPU.ActiveCfg = Release|Any CPU
		{FD0E1BE8-BED3-4AB0-A9C8-022A2DBC8450}.Coverage|Any CPU.Build.0 = Release|Any CPU
		{FD0E1BE8-BED3-4AB0-A9C8-022A2DBC8450}.Coverage|x86.ActiveCfg = Release|Any CPU
		{FD0E1BE8-BED3-4AB0-A9C8-022A2DBC8450}.Coverage|x86.Build.0 = Release|Any CPU
		{FD0E1BE8-BED3-4AB0-A9C8-022A2DBC8450}.Debug|Any CPU.ActiveCfg = Debug|Any CPU
		{FD0E1BE8-BED3-4AB0-A9C8-022A2DBC8450}.Debug|Any CPU.Build.0 = Debug|Any CPU
		{FD0E1BE8-BED3-4AB0-A9C8-022A2DBC8450}.Debug|x86.ActiveCfg = Debug|Any CPU
		{FD0E1BE8-BED3-4AB0-A9C8-022A2DBC8450}.Debug|x86.Build.0 = Debug|Any CPU
		{FD0E1BE8-BED3-4AB0-A9C8-022A2DBC8450}.NuPack Debug|Any CPU.ActiveCfg = Debug|Any CPU
		{FD0E1BE8-BED3-4AB0-A9C8-022A2DBC8450}.NuPack Debug|Any CPU.Build.0 = Debug|Any CPU
		{FD0E1BE8-BED3-4AB0-A9C8-022A2DBC8450}.NuPack Debug|x86.ActiveCfg = Debug|Any CPU
		{FD0E1BE8-BED3-4AB0-A9C8-022A2DBC8450}.NuPack Debug|x86.Build.0 = Debug|Any CPU
		{FD0E1BE8-BED3-4AB0-A9C8-022A2DBC8450}.NuPack Release|Any CPU.ActiveCfg = Debug|Any CPU
		{FD0E1BE8-BED3-4AB0-A9C8-022A2DBC8450}.NuPack Release|Any CPU.Build.0 = Debug|Any CPU
		{FD0E1BE8-BED3-4AB0-A9C8-022A2DBC8450}.NuPack Release|x86.ActiveCfg = Release|Any CPU
		{FD0E1BE8-BED3-4AB0-A9C8-022A2DBC8450}.NuPack Release|x86.Build.0 = Release|Any CPU
		{FD0E1BE8-BED3-4AB0-A9C8-022A2DBC8450}.Release|Any CPU.ActiveCfg = Release|Any CPU
		{FD0E1BE8-BED3-4AB0-A9C8-022A2DBC8450}.Release|Any CPU.Build.0 = Release|Any CPU
		{FD0E1BE8-BED3-4AB0-A9C8-022A2DBC8450}.Release|x86.ActiveCfg = Release|Any CPU
		{FD0E1BE8-BED3-4AB0-A9C8-022A2DBC8450}.Release|x86.Build.0 = Release|Any CPU
		{7F7B4A1F-01E1-440E-89DB-08F7D1D5A128}.1. Alpha (Debug)|Any CPU.ActiveCfg = Debug|Any CPU
		{7F7B4A1F-01E1-440E-89DB-08F7D1D5A128}.1. Alpha (Debug)|Any CPU.Build.0 = Debug|Any CPU
		{7F7B4A1F-01E1-440E-89DB-08F7D1D5A128}.1. Alpha (Debug)|x86.ActiveCfg = Debug|Any CPU
		{7F7B4A1F-01E1-440E-89DB-08F7D1D5A128}.1. Alpha (Debug)|x86.Build.0 = Debug|Any CPU
		{7F7B4A1F-01E1-440E-89DB-08F7D1D5A128}.2. Beta (Debug)|Any CPU.ActiveCfg = Debug|Any CPU
		{7F7B4A1F-01E1-440E-89DB-08F7D1D5A128}.2. Beta (Debug)|Any CPU.Build.0 = Debug|Any CPU
		{7F7B4A1F-01E1-440E-89DB-08F7D1D5A128}.2. Beta (Debug)|x86.ActiveCfg = Debug|Any CPU
		{7F7B4A1F-01E1-440E-89DB-08F7D1D5A128}.2. Beta (Debug)|x86.Build.0 = Debug|Any CPU
		{7F7B4A1F-01E1-440E-89DB-08F7D1D5A128}.2. Beta (Release)|Any CPU.ActiveCfg = Release|Any CPU
		{7F7B4A1F-01E1-440E-89DB-08F7D1D5A128}.2. Beta (Release)|Any CPU.Build.0 = Release|Any CPU
		{7F7B4A1F-01E1-440E-89DB-08F7D1D5A128}.2. Beta (Release)|x86.ActiveCfg = Release|Any CPU
		{7F7B4A1F-01E1-440E-89DB-08F7D1D5A128}.2. Beta (Release)|x86.Build.0 = Release|Any CPU
		{7F7B4A1F-01E1-440E-89DB-08F7D1D5A128}.3. Stable (Debug)|Any CPU.ActiveCfg = Debug|Any CPU
		{7F7B4A1F-01E1-440E-89DB-08F7D1D5A128}.3. Stable (Debug)|Any CPU.Build.0 = Debug|Any CPU
		{7F7B4A1F-01E1-440E-89DB-08F7D1D5A128}.3. Stable (Debug)|x86.ActiveCfg = Debug|Any CPU
		{7F7B4A1F-01E1-440E-89DB-08F7D1D5A128}.3. Stable (Debug)|x86.Build.0 = Debug|Any CPU
		{7F7B4A1F-01E1-440E-89DB-08F7D1D5A128}.3. Stable (Release)|Any CPU.ActiveCfg = Release|Any CPU
		{7F7B4A1F-01E1-440E-89DB-08F7D1D5A128}.3. Stable (Release)|Any CPU.Build.0 = Release|Any CPU
		{7F7B4A1F-01E1-440E-89DB-08F7D1D5A128}.3. Stable (Release)|x86.ActiveCfg = Release|Any CPU
		{7F7B4A1F-01E1-440E-89DB-08F7D1D5A128}.3. Stable (Release)|x86.Build.0 = Release|Any CPU
		{7F7B4A1F-01E1-440E-89DB-08F7D1D5A128}.Coverage|Any CPU.ActiveCfg = Release|Any CPU
		{7F7B4A1F-01E1-440E-89DB-08F7D1D5A128}.Coverage|Any CPU.Build.0 = Release|Any CPU
		{7F7B4A1F-01E1-440E-89DB-08F7D1D5A128}.Coverage|x86.ActiveCfg = Release|Any CPU
		{7F7B4A1F-01E1-440E-89DB-08F7D1D5A128}.Coverage|x86.Build.0 = Release|Any CPU
		{7F7B4A1F-01E1-440E-89DB-08F7D1D5A128}.Debug|Any CPU.ActiveCfg = Debug|Any CPU
		{7F7B4A1F-01E1-440E-89DB-08F7D1D5A128}.Debug|Any CPU.Build.0 = Debug|Any CPU
		{7F7B4A1F-01E1-440E-89DB-08F7D1D5A128}.Debug|x86.ActiveCfg = Debug|Any CPU
		{7F7B4A1F-01E1-440E-89DB-08F7D1D5A128}.Debug|x86.Build.0 = Debug|Any CPU
		{7F7B4A1F-01E1-440E-89DB-08F7D1D5A128}.NuPack Debug|Any CPU.ActiveCfg = Debug|Any CPU
		{7F7B4A1F-01E1-440E-89DB-08F7D1D5A128}.NuPack Debug|Any CPU.Build.0 = Debug|Any CPU
		{7F7B4A1F-01E1-440E-89DB-08F7D1D5A128}.NuPack Debug|x86.ActiveCfg = Debug|Any CPU
		{7F7B4A1F-01E1-440E-89DB-08F7D1D5A128}.NuPack Debug|x86.Build.0 = Debug|Any CPU
		{7F7B4A1F-01E1-440E-89DB-08F7D1D5A128}.NuPack Release|Any CPU.ActiveCfg = Debug|Any CPU
		{7F7B4A1F-01E1-440E-89DB-08F7D1D5A128}.NuPack Release|Any CPU.Build.0 = Debug|Any CPU
		{7F7B4A1F-01E1-440E-89DB-08F7D1D5A128}.NuPack Release|x86.ActiveCfg = Release|Any CPU
		{7F7B4A1F-01E1-440E-89DB-08F7D1D5A128}.NuPack Release|x86.Build.0 = Release|Any CPU
		{7F7B4A1F-01E1-440E-89DB-08F7D1D5A128}.Release|Any CPU.ActiveCfg = Release|Any CPU
		{7F7B4A1F-01E1-440E-89DB-08F7D1D5A128}.Release|Any CPU.Build.0 = Release|Any CPU
		{7F7B4A1F-01E1-440E-89DB-08F7D1D5A128}.Release|x86.ActiveCfg = Release|Any CPU
		{7F7B4A1F-01E1-440E-89DB-08F7D1D5A128}.Release|x86.Build.0 = Release|Any CPU
		{B295441E-66F7-4FAB-BBA9-DDA0C1C51B14}.1. Alpha (Debug)|Any CPU.ActiveCfg = Debug|Any CPU
		{B295441E-66F7-4FAB-BBA9-DDA0C1C51B14}.1. Alpha (Debug)|Any CPU.Build.0 = Debug|Any CPU
		{B295441E-66F7-4FAB-BBA9-DDA0C1C51B14}.1. Alpha (Debug)|x86.ActiveCfg = Debug|Any CPU
		{B295441E-66F7-4FAB-BBA9-DDA0C1C51B14}.1. Alpha (Debug)|x86.Build.0 = Debug|Any CPU
		{B295441E-66F7-4FAB-BBA9-DDA0C1C51B14}.2. Beta (Debug)|Any CPU.ActiveCfg = Debug|Any CPU
		{B295441E-66F7-4FAB-BBA9-DDA0C1C51B14}.2. Beta (Debug)|Any CPU.Build.0 = Debug|Any CPU
		{B295441E-66F7-4FAB-BBA9-DDA0C1C51B14}.2. Beta (Debug)|x86.ActiveCfg = Debug|Any CPU
		{B295441E-66F7-4FAB-BBA9-DDA0C1C51B14}.2. Beta (Debug)|x86.Build.0 = Debug|Any CPU
		{B295441E-66F7-4FAB-BBA9-DDA0C1C51B14}.2. Beta (Release)|Any CPU.ActiveCfg = Release|Any CPU
		{B295441E-66F7-4FAB-BBA9-DDA0C1C51B14}.2. Beta (Release)|Any CPU.Build.0 = Release|Any CPU
		{B295441E-66F7-4FAB-BBA9-DDA0C1C51B14}.2. Beta (Release)|x86.ActiveCfg = Release|Any CPU
		{B295441E-66F7-4FAB-BBA9-DDA0C1C51B14}.2. Beta (Release)|x86.Build.0 = Release|Any CPU
		{B295441E-66F7-4FAB-BBA9-DDA0C1C51B14}.3. Stable (Debug)|Any CPU.ActiveCfg = Debug|Any CPU
		{B295441E-66F7-4FAB-BBA9-DDA0C1C51B14}.3. Stable (Debug)|Any CPU.Build.0 = Debug|Any CPU
		{B295441E-66F7-4FAB-BBA9-DDA0C1C51B14}.3. Stable (Debug)|x86.ActiveCfg = Debug|Any CPU
		{B295441E-66F7-4FAB-BBA9-DDA0C1C51B14}.3. Stable (Debug)|x86.Build.0 = Debug|Any CPU
		{B295441E-66F7-4FAB-BBA9-DDA0C1C51B14}.3. Stable (Release)|Any CPU.ActiveCfg = Release|Any CPU
		{B295441E-66F7-4FAB-BBA9-DDA0C1C51B14}.3. Stable (Release)|Any CPU.Build.0 = Release|Any CPU
		{B295441E-66F7-4FAB-BBA9-DDA0C1C51B14}.3. Stable (Release)|x86.ActiveCfg = Release|Any CPU
		{B295441E-66F7-4FAB-BBA9-DDA0C1C51B14}.3. Stable (Release)|x86.Build.0 = Release|Any CPU
		{B295441E-66F7-4FAB-BBA9-DDA0C1C51B14}.Coverage|Any CPU.ActiveCfg = Release|Any CPU
		{B295441E-66F7-4FAB-BBA9-DDA0C1C51B14}.Coverage|Any CPU.Build.0 = Release|Any CPU
		{B295441E-66F7-4FAB-BBA9-DDA0C1C51B14}.Coverage|x86.ActiveCfg = Debug|Any CPU
		{B295441E-66F7-4FAB-BBA9-DDA0C1C51B14}.Coverage|x86.Build.0 = Debug|Any CPU
		{B295441E-66F7-4FAB-BBA9-DDA0C1C51B14}.Debug|Any CPU.ActiveCfg = Debug|Any CPU
		{B295441E-66F7-4FAB-BBA9-DDA0C1C51B14}.Debug|Any CPU.Build.0 = Debug|Any CPU
		{B295441E-66F7-4FAB-BBA9-DDA0C1C51B14}.Debug|x86.ActiveCfg = Debug|Any CPU
		{B295441E-66F7-4FAB-BBA9-DDA0C1C51B14}.Debug|x86.Build.0 = Debug|Any CPU
		{B295441E-66F7-4FAB-BBA9-DDA0C1C51B14}.NuPack Debug|Any CPU.ActiveCfg = Debug|Any CPU
		{B295441E-66F7-4FAB-BBA9-DDA0C1C51B14}.NuPack Debug|Any CPU.Build.0 = Debug|Any CPU
		{B295441E-66F7-4FAB-BBA9-DDA0C1C51B14}.NuPack Debug|x86.ActiveCfg = Debug|Any CPU
		{B295441E-66F7-4FAB-BBA9-DDA0C1C51B14}.NuPack Debug|x86.Build.0 = Debug|Any CPU
		{B295441E-66F7-4FAB-BBA9-DDA0C1C51B14}.NuPack Release|Any CPU.ActiveCfg = Debug|Any CPU
		{B295441E-66F7-4FAB-BBA9-DDA0C1C51B14}.NuPack Release|Any CPU.Build.0 = Debug|Any CPU
		{B295441E-66F7-4FAB-BBA9-DDA0C1C51B14}.NuPack Release|x86.ActiveCfg = Release|Any CPU
		{B295441E-66F7-4FAB-BBA9-DDA0C1C51B14}.NuPack Release|x86.Build.0 = Release|Any CPU
		{B295441E-66F7-4FAB-BBA9-DDA0C1C51B14}.Release|Any CPU.ActiveCfg = Release|Any CPU
		{B295441E-66F7-4FAB-BBA9-DDA0C1C51B14}.Release|Any CPU.Build.0 = Release|Any CPU
		{B295441E-66F7-4FAB-BBA9-DDA0C1C51B14}.Release|x86.ActiveCfg = Release|Any CPU
		{B295441E-66F7-4FAB-BBA9-DDA0C1C51B14}.Release|x86.Build.0 = Release|Any CPU
		{C7FAE2FF-E065-485B-9DC1-1DECAC44B59D}.1. Alpha (Debug)|Any CPU.ActiveCfg = Debug|Any CPU
		{C7FAE2FF-E065-485B-9DC1-1DECAC44B59D}.1. Alpha (Debug)|Any CPU.Build.0 = Debug|Any CPU
		{C7FAE2FF-E065-485B-9DC1-1DECAC44B59D}.1. Alpha (Debug)|x86.ActiveCfg = Debug|Any CPU
		{C7FAE2FF-E065-485B-9DC1-1DECAC44B59D}.1. Alpha (Debug)|x86.Build.0 = Debug|Any CPU
		{C7FAE2FF-E065-485B-9DC1-1DECAC44B59D}.2. Beta (Debug)|Any CPU.ActiveCfg = Debug|Any CPU
		{C7FAE2FF-E065-485B-9DC1-1DECAC44B59D}.2. Beta (Debug)|Any CPU.Build.0 = Debug|Any CPU
		{C7FAE2FF-E065-485B-9DC1-1DECAC44B59D}.2. Beta (Debug)|x86.ActiveCfg = Debug|Any CPU
		{C7FAE2FF-E065-485B-9DC1-1DECAC44B59D}.2. Beta (Debug)|x86.Build.0 = Debug|Any CPU
		{C7FAE2FF-E065-485B-9DC1-1DECAC44B59D}.2. Beta (Release)|Any CPU.ActiveCfg = Release|Any CPU
		{C7FAE2FF-E065-485B-9DC1-1DECAC44B59D}.2. Beta (Release)|Any CPU.Build.0 = Release|Any CPU
		{C7FAE2FF-E065-485B-9DC1-1DECAC44B59D}.2. Beta (Release)|x86.ActiveCfg = Release|Any CPU
		{C7FAE2FF-E065-485B-9DC1-1DECAC44B59D}.2. Beta (Release)|x86.Build.0 = Release|Any CPU
		{C7FAE2FF-E065-485B-9DC1-1DECAC44B59D}.3. Stable (Debug)|Any CPU.ActiveCfg = Debug|Any CPU
		{C7FAE2FF-E065-485B-9DC1-1DECAC44B59D}.3. Stable (Debug)|Any CPU.Build.0 = Debug|Any CPU
		{C7FAE2FF-E065-485B-9DC1-1DECAC44B59D}.3. Stable (Debug)|x86.ActiveCfg = Debug|Any CPU
		{C7FAE2FF-E065-485B-9DC1-1DECAC44B59D}.3. Stable (Debug)|x86.Build.0 = Debug|Any CPU
		{C7FAE2FF-E065-485B-9DC1-1DECAC44B59D}.3. Stable (Release)|Any CPU.ActiveCfg = Release|Any CPU
		{C7FAE2FF-E065-485B-9DC1-1DECAC44B59D}.3. Stable (Release)|Any CPU.Build.0 = Release|Any CPU
		{C7FAE2FF-E065-485B-9DC1-1DECAC44B59D}.3. Stable (Release)|x86.ActiveCfg = Release|Any CPU
		{C7FAE2FF-E065-485B-9DC1-1DECAC44B59D}.3. Stable (Release)|x86.Build.0 = Release|Any CPU
		{C7FAE2FF-E065-485B-9DC1-1DECAC44B59D}.Coverage|Any CPU.ActiveCfg = Release|Any CPU
		{C7FAE2FF-E065-485B-9DC1-1DECAC44B59D}.Coverage|Any CPU.Build.0 = Release|Any CPU
		{C7FAE2FF-E065-485B-9DC1-1DECAC44B59D}.Coverage|x86.ActiveCfg = Debug|Any CPU
		{C7FAE2FF-E065-485B-9DC1-1DECAC44B59D}.Coverage|x86.Build.0 = Debug|Any CPU
		{C7FAE2FF-E065-485B-9DC1-1DECAC44B59D}.Debug|Any CPU.ActiveCfg = Debug|Any CPU
		{C7FAE2FF-E065-485B-9DC1-1DECAC44B59D}.Debug|Any CPU.Build.0 = Debug|Any CPU
		{C7FAE2FF-E065-485B-9DC1-1DECAC44B59D}.Debug|x86.ActiveCfg = Debug|Any CPU
		{C7FAE2FF-E065-485B-9DC1-1DECAC44B59D}.Debug|x86.Build.0 = Debug|Any CPU
		{C7FAE2FF-E065-485B-9DC1-1DECAC44B59D}.NuPack Debug|Any CPU.ActiveCfg = Debug|Any CPU
		{C7FAE2FF-E065-485B-9DC1-1DECAC44B59D}.NuPack Debug|Any CPU.Build.0 = Debug|Any CPU
		{C7FAE2FF-E065-485B-9DC1-1DECAC44B59D}.NuPack Debug|x86.ActiveCfg = Debug|Any CPU
		{C7FAE2FF-E065-485B-9DC1-1DECAC44B59D}.NuPack Debug|x86.Build.0 = Debug|Any CPU
		{C7FAE2FF-E065-485B-9DC1-1DECAC44B59D}.NuPack Release|Any CPU.ActiveCfg = Debug|Any CPU
		{C7FAE2FF-E065-485B-9DC1-1DECAC44B59D}.NuPack Release|Any CPU.Build.0 = Debug|Any CPU
		{C7FAE2FF-E065-485B-9DC1-1DECAC44B59D}.NuPack Release|x86.ActiveCfg = Release|Any CPU
		{C7FAE2FF-E065-485B-9DC1-1DECAC44B59D}.NuPack Release|x86.Build.0 = Release|Any CPU
		{C7FAE2FF-E065-485B-9DC1-1DECAC44B59D}.Release|Any CPU.ActiveCfg = Release|Any CPU
		{C7FAE2FF-E065-485B-9DC1-1DECAC44B59D}.Release|Any CPU.Build.0 = Release|Any CPU
		{C7FAE2FF-E065-485B-9DC1-1DECAC44B59D}.Release|x86.ActiveCfg = Release|Any CPU
		{C7FAE2FF-E065-485B-9DC1-1DECAC44B59D}.Release|x86.Build.0 = Release|Any CPU
		{F51ABF17-3D07-46A0-A196-0BE449CA9DF4}.1. Alpha (Debug)|Any CPU.ActiveCfg = Debug|Any CPU
		{F51ABF17-3D07-46A0-A196-0BE449CA9DF4}.1. Alpha (Debug)|Any CPU.Build.0 = Debug|Any CPU
		{F51ABF17-3D07-46A0-A196-0BE449CA9DF4}.1. Alpha (Debug)|x86.ActiveCfg = Debug|Any CPU
		{F51ABF17-3D07-46A0-A196-0BE449CA9DF4}.1. Alpha (Debug)|x86.Build.0 = Debug|Any CPU
		{F51ABF17-3D07-46A0-A196-0BE449CA9DF4}.2. Beta (Debug)|Any CPU.ActiveCfg = Debug|Any CPU
		{F51ABF17-3D07-46A0-A196-0BE449CA9DF4}.2. Beta (Debug)|Any CPU.Build.0 = Debug|Any CPU
		{F51ABF17-3D07-46A0-A196-0BE449CA9DF4}.2. Beta (Debug)|x86.ActiveCfg = Debug|Any CPU
		{F51ABF17-3D07-46A0-A196-0BE449CA9DF4}.2. Beta (Debug)|x86.Build.0 = Debug|Any CPU
		{F51ABF17-3D07-46A0-A196-0BE449CA9DF4}.2. Beta (Release)|Any CPU.ActiveCfg = Release|Any CPU
		{F51ABF17-3D07-46A0-A196-0BE449CA9DF4}.2. Beta (Release)|Any CPU.Build.0 = Release|Any CPU
		{F51ABF17-3D07-46A0-A196-0BE449CA9DF4}.2. Beta (Release)|x86.ActiveCfg = Release|Any CPU
		{F51ABF17-3D07-46A0-A196-0BE449CA9DF4}.2. Beta (Release)|x86.Build.0 = Release|Any CPU
		{F51ABF17-3D07-46A0-A196-0BE449CA9DF4}.3. Stable (Debug)|Any CPU.ActiveCfg = Debug|Any CPU
		{F51ABF17-3D07-46A0-A196-0BE449CA9DF4}.3. Stable (Debug)|Any CPU.Build.0 = Debug|Any CPU
		{F51ABF17-3D07-46A0-A196-0BE449CA9DF4}.3. Stable (Debug)|x86.ActiveCfg = Debug|Any CPU
		{F51ABF17-3D07-46A0-A196-0BE449CA9DF4}.3. Stable (Debug)|x86.Build.0 = Debug|Any CPU
		{F51ABF17-3D07-46A0-A196-0BE449CA9DF4}.3. Stable (Release)|Any CPU.ActiveCfg = Release|Any CPU
		{F51ABF17-3D07-46A0-A196-0BE449CA9DF4}.3. Stable (Release)|Any CPU.Build.0 = Release|Any CPU
		{F51ABF17-3D07-46A0-A196-0BE449CA9DF4}.3. Stable (Release)|x86.ActiveCfg = Release|Any CPU
		{F51ABF17-3D07-46A0-A196-0BE449CA9DF4}.3. Stable (Release)|x86.Build.0 = Release|Any CPU
		{F51ABF17-3D07-46A0-A196-0BE449CA9DF4}.Coverage|Any CPU.ActiveCfg = Release|Any CPU
		{F51ABF17-3D07-46A0-A196-0BE449CA9DF4}.Coverage|Any CPU.Build.0 = Release|Any CPU
		{F51ABF17-3D07-46A0-A196-0BE449CA9DF4}.Coverage|x86.ActiveCfg = Release|Any CPU
		{F51ABF17-3D07-46A0-A196-0BE449CA9DF4}.Coverage|x86.Build.0 = Release|Any CPU
		{F51ABF17-3D07-46A0-A196-0BE449CA9DF4}.Debug|Any CPU.ActiveCfg = Debug|Any CPU
		{F51ABF17-3D07-46A0-A196-0BE449CA9DF4}.Debug|Any CPU.Build.0 = Debug|Any CPU
		{F51ABF17-3D07-46A0-A196-0BE449CA9DF4}.Debug|x86.ActiveCfg = Debug|x86
		{F51ABF17-3D07-46A0-A196-0BE449CA9DF4}.Debug|x86.Build.0 = Debug|x86
		{F51ABF17-3D07-46A0-A196-0BE449CA9DF4}.NuPack Debug|Any CPU.ActiveCfg = Debug|Any CPU
		{F51ABF17-3D07-46A0-A196-0BE449CA9DF4}.NuPack Debug|Any CPU.Build.0 = Debug|Any CPU
		{F51ABF17-3D07-46A0-A196-0BE449CA9DF4}.NuPack Debug|x86.ActiveCfg = Debug|Any CPU
		{F51ABF17-3D07-46A0-A196-0BE449CA9DF4}.NuPack Debug|x86.Build.0 = Debug|Any CPU
		{F51ABF17-3D07-46A0-A196-0BE449CA9DF4}.NuPack Release|Any CPU.ActiveCfg = Debug|Any CPU
		{F51ABF17-3D07-46A0-A196-0BE449CA9DF4}.NuPack Release|Any CPU.Build.0 = Debug|Any CPU
		{F51ABF17-3D07-46A0-A196-0BE449CA9DF4}.NuPack Release|x86.ActiveCfg = Release|Any CPU
		{F51ABF17-3D07-46A0-A196-0BE449CA9DF4}.NuPack Release|x86.Build.0 = Release|Any CPU
		{F51ABF17-3D07-46A0-A196-0BE449CA9DF4}.Release|Any CPU.ActiveCfg = Release|Any CPU
		{F51ABF17-3D07-46A0-A196-0BE449CA9DF4}.Release|Any CPU.Build.0 = Release|Any CPU
		{F51ABF17-3D07-46A0-A196-0BE449CA9DF4}.Release|x86.ActiveCfg = Release|x86
		{F51ABF17-3D07-46A0-A196-0BE449CA9DF4}.Release|x86.Build.0 = Release|x86
		{6C27364A-A797-4E54-8600-6AAFDEDA4E03}.1. Alpha (Debug)|Any CPU.ActiveCfg = Debug|Any CPU
		{6C27364A-A797-4E54-8600-6AAFDEDA4E03}.1. Alpha (Debug)|Any CPU.Build.0 = Debug|Any CPU
		{6C27364A-A797-4E54-8600-6AAFDEDA4E03}.1. Alpha (Debug)|x86.ActiveCfg = Debug|Any CPU
		{6C27364A-A797-4E54-8600-6AAFDEDA4E03}.1. Alpha (Debug)|x86.Build.0 = Debug|Any CPU
		{6C27364A-A797-4E54-8600-6AAFDEDA4E03}.2. Beta (Debug)|Any CPU.ActiveCfg = Debug|Any CPU
		{6C27364A-A797-4E54-8600-6AAFDEDA4E03}.2. Beta (Debug)|Any CPU.Build.0 = Debug|Any CPU
		{6C27364A-A797-4E54-8600-6AAFDEDA4E03}.2. Beta (Debug)|x86.ActiveCfg = Debug|Any CPU
		{6C27364A-A797-4E54-8600-6AAFDEDA4E03}.2. Beta (Debug)|x86.Build.0 = Debug|Any CPU
		{6C27364A-A797-4E54-8600-6AAFDEDA4E03}.2. Beta (Release)|Any CPU.ActiveCfg = Release|Any CPU
		{6C27364A-A797-4E54-8600-6AAFDEDA4E03}.2. Beta (Release)|Any CPU.Build.0 = Release|Any CPU
		{6C27364A-A797-4E54-8600-6AAFDEDA4E03}.2. Beta (Release)|x86.ActiveCfg = Release|Any CPU
		{6C27364A-A797-4E54-8600-6AAFDEDA4E03}.2. Beta (Release)|x86.Build.0 = Release|Any CPU
		{6C27364A-A797-4E54-8600-6AAFDEDA4E03}.3. Stable (Debug)|Any CPU.ActiveCfg = Debug|Any CPU
		{6C27364A-A797-4E54-8600-6AAFDEDA4E03}.3. Stable (Debug)|Any CPU.Build.0 = Debug|Any CPU
		{6C27364A-A797-4E54-8600-6AAFDEDA4E03}.3. Stable (Debug)|x86.ActiveCfg = Debug|Any CPU
		{6C27364A-A797-4E54-8600-6AAFDEDA4E03}.3. Stable (Debug)|x86.Build.0 = Debug|Any CPU
		{6C27364A-A797-4E54-8600-6AAFDEDA4E03}.3. Stable (Release)|Any CPU.ActiveCfg = Release|Any CPU
		{6C27364A-A797-4E54-8600-6AAFDEDA4E03}.3. Stable (Release)|Any CPU.Build.0 = Release|Any CPU
		{6C27364A-A797-4E54-8600-6AAFDEDA4E03}.3. Stable (Release)|x86.ActiveCfg = Release|Any CPU
		{6C27364A-A797-4E54-8600-6AAFDEDA4E03}.3. Stable (Release)|x86.Build.0 = Release|Any CPU
		{6C27364A-A797-4E54-8600-6AAFDEDA4E03}.Coverage|Any CPU.ActiveCfg = Release|Any CPU
		{6C27364A-A797-4E54-8600-6AAFDEDA4E03}.Coverage|Any CPU.Build.0 = Release|Any CPU
		{6C27364A-A797-4E54-8600-6AAFDEDA4E03}.Coverage|x86.ActiveCfg = Debug|Any CPU
		{6C27364A-A797-4E54-8600-6AAFDEDA4E03}.Coverage|x86.Build.0 = Debug|Any CPU
		{6C27364A-A797-4E54-8600-6AAFDEDA4E03}.Debug|Any CPU.ActiveCfg = Debug|Any CPU
		{6C27364A-A797-4E54-8600-6AAFDEDA4E03}.Debug|Any CPU.Build.0 = Debug|Any CPU
		{6C27364A-A797-4E54-8600-6AAFDEDA4E03}.Debug|x86.ActiveCfg = Debug|x86
		{6C27364A-A797-4E54-8600-6AAFDEDA4E03}.Debug|x86.Build.0 = Debug|x86
		{6C27364A-A797-4E54-8600-6AAFDEDA4E03}.NuPack Debug|Any CPU.ActiveCfg = Debug|Any CPU
		{6C27364A-A797-4E54-8600-6AAFDEDA4E03}.NuPack Debug|Any CPU.Build.0 = Debug|Any CPU
		{6C27364A-A797-4E54-8600-6AAFDEDA4E03}.NuPack Debug|x86.ActiveCfg = Debug|Any CPU
		{6C27364A-A797-4E54-8600-6AAFDEDA4E03}.NuPack Debug|x86.Build.0 = Debug|Any CPU
		{6C27364A-A797-4E54-8600-6AAFDEDA4E03}.NuPack Release|Any CPU.ActiveCfg = Debug|Any CPU
		{6C27364A-A797-4E54-8600-6AAFDEDA4E03}.NuPack Release|Any CPU.Build.0 = Debug|Any CPU
		{6C27364A-A797-4E54-8600-6AAFDEDA4E03}.NuPack Release|x86.ActiveCfg = Release|Any CPU
		{6C27364A-A797-4E54-8600-6AAFDEDA4E03}.NuPack Release|x86.Build.0 = Release|Any CPU
		{6C27364A-A797-4E54-8600-6AAFDEDA4E03}.Release|Any CPU.ActiveCfg = Release|Any CPU
		{6C27364A-A797-4E54-8600-6AAFDEDA4E03}.Release|Any CPU.Build.0 = Release|Any CPU
		{6C27364A-A797-4E54-8600-6AAFDEDA4E03}.Release|x86.ActiveCfg = Release|x86
		{6C27364A-A797-4E54-8600-6AAFDEDA4E03}.Release|x86.Build.0 = Release|x86
		{2E3DF5C2-8A38-4A03-86D7-8D463C917E47}.1. Alpha (Debug)|Any CPU.ActiveCfg = Debug|Any CPU
		{2E3DF5C2-8A38-4A03-86D7-8D463C917E47}.1. Alpha (Debug)|Any CPU.Build.0 = Debug|Any CPU
		{2E3DF5C2-8A38-4A03-86D7-8D463C917E47}.1. Alpha (Debug)|x86.ActiveCfg = Debug|Any CPU
		{2E3DF5C2-8A38-4A03-86D7-8D463C917E47}.1. Alpha (Debug)|x86.Build.0 = Debug|Any CPU
		{2E3DF5C2-8A38-4A03-86D7-8D463C917E47}.2. Beta (Debug)|Any CPU.ActiveCfg = Debug|Any CPU
		{2E3DF5C2-8A38-4A03-86D7-8D463C917E47}.2. Beta (Debug)|Any CPU.Build.0 = Debug|Any CPU
		{2E3DF5C2-8A38-4A03-86D7-8D463C917E47}.2. Beta (Debug)|x86.ActiveCfg = Debug|Any CPU
		{2E3DF5C2-8A38-4A03-86D7-8D463C917E47}.2. Beta (Debug)|x86.Build.0 = Debug|Any CPU
		{2E3DF5C2-8A38-4A03-86D7-8D463C917E47}.2. Beta (Release)|Any CPU.ActiveCfg = Release|Any CPU
		{2E3DF5C2-8A38-4A03-86D7-8D463C917E47}.2. Beta (Release)|Any CPU.Build.0 = Release|Any CPU
		{2E3DF5C2-8A38-4A03-86D7-8D463C917E47}.2. Beta (Release)|x86.ActiveCfg = Release|Any CPU
		{2E3DF5C2-8A38-4A03-86D7-8D463C917E47}.2. Beta (Release)|x86.Build.0 = Release|Any CPU
		{2E3DF5C2-8A38-4A03-86D7-8D463C917E47}.3. Stable (Debug)|Any CPU.ActiveCfg = Debug|Any CPU
		{2E3DF5C2-8A38-4A03-86D7-8D463C917E47}.3. Stable (Debug)|Any CPU.Build.0 = Debug|Any CPU
		{2E3DF5C2-8A38-4A03-86D7-8D463C917E47}.3. Stable (Debug)|x86.ActiveCfg = Debug|Any CPU
		{2E3DF5C2-8A38-4A03-86D7-8D463C917E47}.3. Stable (Debug)|x86.Build.0 = Debug|Any CPU
		{2E3DF5C2-8A38-4A03-86D7-8D463C917E47}.3. Stable (Release)|Any CPU.ActiveCfg = Release|Any CPU
		{2E3DF5C2-8A38-4A03-86D7-8D463C917E47}.3. Stable (Release)|Any CPU.Build.0 = Release|Any CPU
		{2E3DF5C2-8A38-4A03-86D7-8D463C917E47}.3. Stable (Release)|x86.ActiveCfg = Release|Any CPU
		{2E3DF5C2-8A38-4A03-86D7-8D463C917E47}.3. Stable (Release)|x86.Build.0 = Release|Any CPU
		{2E3DF5C2-8A38-4A03-86D7-8D463C917E47}.Coverage|Any CPU.ActiveCfg = Release|Any CPU
		{2E3DF5C2-8A38-4A03-86D7-8D463C917E47}.Coverage|Any CPU.Build.0 = Release|Any CPU
		{2E3DF5C2-8A38-4A03-86D7-8D463C917E47}.Coverage|x86.ActiveCfg = Debug|Any CPU
		{2E3DF5C2-8A38-4A03-86D7-8D463C917E47}.Coverage|x86.Build.0 = Debug|Any CPU
		{2E3DF5C2-8A38-4A03-86D7-8D463C917E47}.Debug|Any CPU.ActiveCfg = Debug|Any CPU
		{2E3DF5C2-8A38-4A03-86D7-8D463C917E47}.Debug|Any CPU.Build.0 = Debug|Any CPU
		{2E3DF5C2-8A38-4A03-86D7-8D463C917E47}.Debug|x86.ActiveCfg = Debug|Any CPU
		{2E3DF5C2-8A38-4A03-86D7-8D463C917E47}.Debug|x86.Build.0 = Debug|Any CPU
		{2E3DF5C2-8A38-4A03-86D7-8D463C917E47}.NuPack Debug|Any CPU.ActiveCfg = Debug|Any CPU
		{2E3DF5C2-8A38-4A03-86D7-8D463C917E47}.NuPack Debug|Any CPU.Build.0 = Debug|Any CPU
		{2E3DF5C2-8A38-4A03-86D7-8D463C917E47}.NuPack Debug|x86.ActiveCfg = Debug|Any CPU
		{2E3DF5C2-8A38-4A03-86D7-8D463C917E47}.NuPack Debug|x86.Build.0 = Debug|Any CPU
		{2E3DF5C2-8A38-4A03-86D7-8D463C917E47}.NuPack Release|Any CPU.ActiveCfg = Debug|Any CPU
		{2E3DF5C2-8A38-4A03-86D7-8D463C917E47}.NuPack Release|Any CPU.Build.0 = Debug|Any CPU
		{2E3DF5C2-8A38-4A03-86D7-8D463C917E47}.NuPack Release|x86.ActiveCfg = Release|Any CPU
		{2E3DF5C2-8A38-4A03-86D7-8D463C917E47}.NuPack Release|x86.Build.0 = Release|Any CPU
		{2E3DF5C2-8A38-4A03-86D7-8D463C917E47}.Release|Any CPU.ActiveCfg = Release|Any CPU
		{2E3DF5C2-8A38-4A03-86D7-8D463C917E47}.Release|Any CPU.Build.0 = Release|Any CPU
		{2E3DF5C2-8A38-4A03-86D7-8D463C917E47}.Release|x86.ActiveCfg = Release|Any CPU
		{2E3DF5C2-8A38-4A03-86D7-8D463C917E47}.Release|x86.Build.0 = Release|Any CPU
		{712820C7-6A72-4829-8D39-EDE2FDB32666}.1. Alpha (Debug)|Any CPU.ActiveCfg = Debug|Any CPU
		{712820C7-6A72-4829-8D39-EDE2FDB32666}.1. Alpha (Debug)|Any CPU.Build.0 = Debug|Any CPU
		{712820C7-6A72-4829-8D39-EDE2FDB32666}.1. Alpha (Debug)|x86.ActiveCfg = Debug|Any CPU
		{712820C7-6A72-4829-8D39-EDE2FDB32666}.1. Alpha (Debug)|x86.Build.0 = Debug|Any CPU
		{712820C7-6A72-4829-8D39-EDE2FDB32666}.2. Beta (Debug)|Any CPU.ActiveCfg = Debug|Any CPU
		{712820C7-6A72-4829-8D39-EDE2FDB32666}.2. Beta (Debug)|Any CPU.Build.0 = Debug|Any CPU
		{712820C7-6A72-4829-8D39-EDE2FDB32666}.2. Beta (Debug)|x86.ActiveCfg = Debug|Any CPU
		{712820C7-6A72-4829-8D39-EDE2FDB32666}.2. Beta (Debug)|x86.Build.0 = Debug|Any CPU
		{712820C7-6A72-4829-8D39-EDE2FDB32666}.2. Beta (Release)|Any CPU.ActiveCfg = Release|Any CPU
		{712820C7-6A72-4829-8D39-EDE2FDB32666}.2. Beta (Release)|Any CPU.Build.0 = Release|Any CPU
		{712820C7-6A72-4829-8D39-EDE2FDB32666}.2. Beta (Release)|x86.ActiveCfg = Release|Any CPU
		{712820C7-6A72-4829-8D39-EDE2FDB32666}.2. Beta (Release)|x86.Build.0 = Release|Any CPU
		{712820C7-6A72-4829-8D39-EDE2FDB32666}.3. Stable (Debug)|Any CPU.ActiveCfg = Debug|Any CPU
		{712820C7-6A72-4829-8D39-EDE2FDB32666}.3. Stable (Debug)|Any CPU.Build.0 = Debug|Any CPU
		{712820C7-6A72-4829-8D39-EDE2FDB32666}.3. Stable (Debug)|x86.ActiveCfg = Debug|Any CPU
		{712820C7-6A72-4829-8D39-EDE2FDB32666}.3. Stable (Debug)|x86.Build.0 = Debug|Any CPU
		{712820C7-6A72-4829-8D39-EDE2FDB32666}.3. Stable (Release)|Any CPU.ActiveCfg = Release|Any CPU
		{712820C7-6A72-4829-8D39-EDE2FDB32666}.3. Stable (Release)|Any CPU.Build.0 = Release|Any CPU
		{712820C7-6A72-4829-8D39-EDE2FDB32666}.3. Stable (Release)|x86.ActiveCfg = Release|Any CPU
		{712820C7-6A72-4829-8D39-EDE2FDB32666}.3. Stable (Release)|x86.Build.0 = Release|Any CPU
		{712820C7-6A72-4829-8D39-EDE2FDB32666}.Coverage|Any CPU.ActiveCfg = Release|Any CPU
		{712820C7-6A72-4829-8D39-EDE2FDB32666}.Coverage|Any CPU.Build.0 = Release|Any CPU
		{712820C7-6A72-4829-8D39-EDE2FDB32666}.Coverage|x86.ActiveCfg = Debug|Any CPU
		{712820C7-6A72-4829-8D39-EDE2FDB32666}.Coverage|x86.Build.0 = Debug|Any CPU
		{712820C7-6A72-4829-8D39-EDE2FDB32666}.Debug|Any CPU.ActiveCfg = Debug|Any CPU
		{712820C7-6A72-4829-8D39-EDE2FDB32666}.Debug|Any CPU.Build.0 = Debug|Any CPU
		{712820C7-6A72-4829-8D39-EDE2FDB32666}.Debug|x86.ActiveCfg = Debug|Any CPU
		{712820C7-6A72-4829-8D39-EDE2FDB32666}.Debug|x86.Build.0 = Debug|Any CPU
		{712820C7-6A72-4829-8D39-EDE2FDB32666}.NuPack Debug|Any CPU.ActiveCfg = Debug|Any CPU
		{712820C7-6A72-4829-8D39-EDE2FDB32666}.NuPack Debug|Any CPU.Build.0 = Debug|Any CPU
		{712820C7-6A72-4829-8D39-EDE2FDB32666}.NuPack Debug|x86.ActiveCfg = Debug|Any CPU
		{712820C7-6A72-4829-8D39-EDE2FDB32666}.NuPack Debug|x86.Build.0 = Debug|Any CPU
		{712820C7-6A72-4829-8D39-EDE2FDB32666}.NuPack Release|Any CPU.ActiveCfg = Debug|Any CPU
		{712820C7-6A72-4829-8D39-EDE2FDB32666}.NuPack Release|Any CPU.Build.0 = Debug|Any CPU
		{712820C7-6A72-4829-8D39-EDE2FDB32666}.NuPack Release|x86.ActiveCfg = Release|Any CPU
		{712820C7-6A72-4829-8D39-EDE2FDB32666}.NuPack Release|x86.Build.0 = Release|Any CPU
		{712820C7-6A72-4829-8D39-EDE2FDB32666}.Release|Any CPU.ActiveCfg = Release|Any CPU
		{712820C7-6A72-4829-8D39-EDE2FDB32666}.Release|Any CPU.Build.0 = Release|Any CPU
		{712820C7-6A72-4829-8D39-EDE2FDB32666}.Release|x86.ActiveCfg = Release|Any CPU
		{712820C7-6A72-4829-8D39-EDE2FDB32666}.Release|x86.Build.0 = Release|Any CPU
		{A4DA504D-476B-4C70-BDAA-871BC6E015F1}.1. Alpha (Debug)|Any CPU.ActiveCfg = Debug|Any CPU
		{A4DA504D-476B-4C70-BDAA-871BC6E015F1}.1. Alpha (Debug)|Any CPU.Build.0 = Debug|Any CPU
		{A4DA504D-476B-4C70-BDAA-871BC6E015F1}.1. Alpha (Debug)|x86.ActiveCfg = Debug|Any CPU
		{A4DA504D-476B-4C70-BDAA-871BC6E015F1}.1. Alpha (Debug)|x86.Build.0 = Debug|Any CPU
		{A4DA504D-476B-4C70-BDAA-871BC6E015F1}.2. Beta (Debug)|Any CPU.ActiveCfg = Debug|Any CPU
		{A4DA504D-476B-4C70-BDAA-871BC6E015F1}.2. Beta (Debug)|Any CPU.Build.0 = Debug|Any CPU
		{A4DA504D-476B-4C70-BDAA-871BC6E015F1}.2. Beta (Debug)|x86.ActiveCfg = Debug|Any CPU
		{A4DA504D-476B-4C70-BDAA-871BC6E015F1}.2. Beta (Debug)|x86.Build.0 = Debug|Any CPU
		{A4DA504D-476B-4C70-BDAA-871BC6E015F1}.2. Beta (Release)|Any CPU.ActiveCfg = Release|Any CPU
		{A4DA504D-476B-4C70-BDAA-871BC6E015F1}.2. Beta (Release)|Any CPU.Build.0 = Release|Any CPU
		{A4DA504D-476B-4C70-BDAA-871BC6E015F1}.2. Beta (Release)|x86.ActiveCfg = Release|Any CPU
		{A4DA504D-476B-4C70-BDAA-871BC6E015F1}.2. Beta (Release)|x86.Build.0 = Release|Any CPU
		{A4DA504D-476B-4C70-BDAA-871BC6E015F1}.3. Stable (Debug)|Any CPU.ActiveCfg = Debug|Any CPU
		{A4DA504D-476B-4C70-BDAA-871BC6E015F1}.3. Stable (Debug)|Any CPU.Build.0 = Debug|Any CPU
		{A4DA504D-476B-4C70-BDAA-871BC6E015F1}.3. Stable (Debug)|x86.ActiveCfg = Debug|Any CPU
		{A4DA504D-476B-4C70-BDAA-871BC6E015F1}.3. Stable (Debug)|x86.Build.0 = Debug|Any CPU
		{A4DA504D-476B-4C70-BDAA-871BC6E015F1}.3. Stable (Release)|Any CPU.ActiveCfg = Release|Any CPU
		{A4DA504D-476B-4C70-BDAA-871BC6E015F1}.3. Stable (Release)|Any CPU.Build.0 = Release|Any CPU
		{A4DA504D-476B-4C70-BDAA-871BC6E015F1}.3. Stable (Release)|x86.ActiveCfg = Release|Any CPU
		{A4DA504D-476B-4C70-BDAA-871BC6E015F1}.3. Stable (Release)|x86.Build.0 = Release|Any CPU
		{A4DA504D-476B-4C70-BDAA-871BC6E015F1}.Coverage|Any CPU.ActiveCfg = Debug|Any CPU
		{A4DA504D-476B-4C70-BDAA-871BC6E015F1}.Coverage|Any CPU.Build.0 = Debug|Any CPU
		{A4DA504D-476B-4C70-BDAA-871BC6E015F1}.Coverage|x86.ActiveCfg = Debug|Any CPU
		{A4DA504D-476B-4C70-BDAA-871BC6E015F1}.Coverage|x86.Build.0 = Debug|Any CPU
		{A4DA504D-476B-4C70-BDAA-871BC6E015F1}.Debug|Any CPU.ActiveCfg = Debug|Any CPU
		{A4DA504D-476B-4C70-BDAA-871BC6E015F1}.Debug|Any CPU.Build.0 = Debug|Any CPU
		{A4DA504D-476B-4C70-BDAA-871BC6E015F1}.Debug|x86.ActiveCfg = Debug|Any CPU
		{A4DA504D-476B-4C70-BDAA-871BC6E015F1}.Debug|x86.Build.0 = Debug|Any CPU
		{A4DA504D-476B-4C70-BDAA-871BC6E015F1}.NuPack Debug|Any CPU.ActiveCfg = Debug|Any CPU
		{A4DA504D-476B-4C70-BDAA-871BC6E015F1}.NuPack Debug|Any CPU.Build.0 = Debug|Any CPU
		{A4DA504D-476B-4C70-BDAA-871BC6E015F1}.NuPack Debug|x86.ActiveCfg = Debug|Any CPU
		{A4DA504D-476B-4C70-BDAA-871BC6E015F1}.NuPack Debug|x86.Build.0 = Debug|Any CPU
		{A4DA504D-476B-4C70-BDAA-871BC6E015F1}.NuPack Release|Any CPU.ActiveCfg = Release|Any CPU
		{A4DA504D-476B-4C70-BDAA-871BC6E015F1}.NuPack Release|Any CPU.Build.0 = Release|Any CPU
		{A4DA504D-476B-4C70-BDAA-871BC6E015F1}.NuPack Release|x86.ActiveCfg = Release|Any CPU
		{A4DA504D-476B-4C70-BDAA-871BC6E015F1}.NuPack Release|x86.Build.0 = Release|Any CPU
		{A4DA504D-476B-4C70-BDAA-871BC6E015F1}.Release|Any CPU.ActiveCfg = Release|Any CPU
		{A4DA504D-476B-4C70-BDAA-871BC6E015F1}.Release|Any CPU.Build.0 = Release|Any CPU
		{A4DA504D-476B-4C70-BDAA-871BC6E015F1}.Release|x86.ActiveCfg = Release|Any CPU
		{A4DA504D-476B-4C70-BDAA-871BC6E015F1}.Release|x86.Build.0 = Release|Any CPU
	EndGlobalSection
	GlobalSection(SolutionProperties) = preSolution
		HideSolutionNode = FALSE
	EndGlobalSection
	GlobalSection(NestedProjects) = preSolution
		{501257D3-F788-4A5D-B990-16C01FF71926} = {052AFAF6-318D-4D7F-AAEC-3C8A5667FFBC}
		{4F65145F-6F0C-49CD-830A-A51A2A9C5F75} = {052AFAF6-318D-4D7F-AAEC-3C8A5667FFBC}
		{C57D9489-0A27-4B18-818C-7CBB379ACFD8} = {DF29F7E8-943F-4EC9-9EB5-5C4E27BA9AB2}
		{7550628D-0630-4A42-B0B7-55D26F981365} = {DF29F7E8-943F-4EC9-9EB5-5C4E27BA9AB2}
		{D5086D5E-84A6-4C0D-B6F2-D1B82C5FB487} = {DF29F7E8-943F-4EC9-9EB5-5C4E27BA9AB2}
		{FFFE85EF-4719-4F7F-AB5F-A63D2E184BD2} = {DF29F7E8-943F-4EC9-9EB5-5C4E27BA9AB2}
		{CC5B9485-9EF1-4133-9242-719D263700AE} = {DF29F7E8-943F-4EC9-9EB5-5C4E27BA9AB2}
		{FD0E1BE8-BED3-4AB0-A9C8-022A2DBC8450} = {0C9FDA7C-3D6C-4E29-B391-015FA42A5A8B}
		{D4EFF016-9A16-4560-8E1D-2A33D0DE399F} = {0C9FDA7C-3D6C-4E29-B391-015FA42A5A8B}
		{7F7B4A1F-01E1-440E-89DB-08F7D1D5A128} = {0EAE964B-EECF-45B0-8253-5FC75792D419}
		{3216EDA8-D6A3-414F-872F-2B652D62492C} = {A0C0A5EC-7BE3-44EE-986D-5823B6E2812B}
		{A15BA700-7DEC-442C-9138-305BF43ABFBF} = {3216EDA8-D6A3-414F-872F-2B652D62492C}
		{B295441E-66F7-4FAB-BBA9-DDA0C1C51B14} = {3216EDA8-D6A3-414F-872F-2B652D62492C}
		{C7FAE2FF-E065-485B-9DC1-1DECAC44B59D} = {3216EDA8-D6A3-414F-872F-2B652D62492C}
		{379B01CE-8B50-4EAD-BC17-92E74DDF52AD} = {A0C0A5EC-7BE3-44EE-986D-5823B6E2812B}
		{3AD96889-7581-41B3-B22F-764ED7B2BBB5} = {379B01CE-8B50-4EAD-BC17-92E74DDF52AD}
		{F51ABF17-3D07-46A0-A196-0BE449CA9DF4} = {379B01CE-8B50-4EAD-BC17-92E74DDF52AD}
		{6C27364A-A797-4E54-8600-6AAFDEDA4E03} = {379B01CE-8B50-4EAD-BC17-92E74DDF52AD}
		{2E3DF5C2-8A38-4A03-86D7-8D463C917E47} = {AD03930B-2669-40A6-B9E1-F676433684AE}
		{6A546934-EB9D-400A-BC0D-E80828ABD796} = {AC925E57-BDB9-48E8-B493-8BB02C80B562}
		{712820C7-6A72-4829-8D39-EDE2FDB32666} = {DF29F7E8-943F-4EC9-9EB5-5C4E27BA9AB2}
		{A4DA504D-476B-4C70-BDAA-871BC6E015F1} = {943958D2-1308-4317-940F-60CAD3C74AC3}
	EndGlobalSection
	GlobalSection(ExtensibilityGlobals) = postSolution
		SolutionGuid = {AF31D6F5-6E93-461B-8C5F-348439D19C6D}
	EndGlobalSection
EndGlobal
